// !$*UTF8*$!
{
	archiveVersion = 1;
	classes = {
	};
	objectVersion = 46;
	objects = {

/* Begin PBXBuildFile section */
		A6FF19A51CFFD05000362809 /* AppDelegate.swift in Sources */ = {isa = PBXBuildFile; fileRef = A6FF19A41CFFD05000362809 /* AppDelegate.swift */; };
		A6FF19A71CFFD05000362809 /* ViewController.swift in Sources */ = {isa = PBXBuildFile; fileRef = A6FF19A61CFFD05000362809 /* ViewController.swift */; };
		A6FF19AA1CFFD05000362809 /* Main.storyboard in Resources */ = {isa = PBXBuildFile; fileRef = A6FF19A81CFFD05000362809 /* Main.storyboard */; };
		A6FF19AC1CFFD05000362809 /* Assets.xcassets in Resources */ = {isa = PBXBuildFile; fileRef = A6FF19AB1CFFD05000362809 /* Assets.xcassets */; };
		A6FF19AF1CFFD05000362809 /* LaunchScreen.storyboard in Resources */ = {isa = PBXBuildFile; fileRef = A6FF19AD1CFFD05000362809 /* LaunchScreen.storyboard */; };
/* End PBXBuildFile section */

/* Begin PBXFileReference section */
		A6FF19A11CFFD05000362809 /* Swift-Demo.app */ = {isa = PBXFileReference; explicitFileType = wrapper.application; includeInIndex = 0; path = "Swift-Demo.app"; sourceTree = BUILT_PRODUCTS_DIR; };
		A6FF19A41CFFD05000362809 /* AppDelegate.swift */ = {isa = PBXFileReference; lastKnownFileType = sourcecode.swift; path = AppDelegate.swift; sourceTree = "<group>"; };
		A6FF19A61CFFD05000362809 /* ViewController.swift */ = {isa = PBXFileReference; lastKnownFileType = sourcecode.swift; path = ViewController.swift; sourceTree = "<group>"; };
		A6FF19A91CFFD05000362809 /* Base */ = {isa = PBXFileReference; lastKnownFileType = file.storyboard; name = Base; path = Base.lproj/Main.storyboard; sourceTree = "<group>"; };
		A6FF19AB1CFFD05000362809 /* Assets.xcassets */ = {isa = PBXFileReference; lastKnownFileType = folder.assetcatalog; path = Assets.xcassets; sourceTree = "<group>"; };
		A6FF19AE1CFFD05000362809 /* Base */ = {isa = PBXFileReference; lastKnownFileType = file.storyboard; name = Base; path = Base.lproj/LaunchScreen.storyboard; sourceTree = "<group>"; };
		A6FF19B01CFFD05000362809 /* Info.plist */ = {isa = PBXFileReference; lastKnownFileType = text.plist.xml; path = Info.plist; sourceTree = "<group>"; };
/* End PBXFileReference section */

/* Begin PBXFrameworksBuildPhase section */
		A6FF199E1CFFD05000362809 /* Frameworks */ = {
			isa = PBXFrameworksBuildPhase;
			buildActionMask = 2147483647;
			files = (
			);
			runOnlyForDeploymentPostprocessing = 0;
		};
/* End PBXFrameworksBuildPhase section */

/* Begin PBXGroup section */
		A6FF19981CFFD05000362809 = {
			isa = PBXGroup;
			children = (
				A6FF19A31CFFD05000362809 /* Swift-Demo */,
				A6FF19A21CFFD05000362809 /* Products */,
			);
			sourceTree = "<group>";
		};
		A6FF19A21CFFD05000362809 /* Products */ = {
			isa = PBXGroup;
			children = (
				A6FF19A11CFFD05000362809 /* Swift-Demo.app */,
			);
			name = Products;
			sourceTree = "<group>";
		};
		A6FF19A31CFFD05000362809 /* Swift-Demo */ = {
			isa = PBXGroup;
			children = (
				A6FF19A41CFFD05000362809 /* AppDelegate.swift */,
				A6FF19A61CFFD05000362809 /* ViewController.swift */,
				A6FF19A81CFFD05000362809 /* Main.storyboard */,
				A6FF19AB1CFFD05000362809 /* Assets.xcassets */,
				A6FF19AD1CFFD05000362809 /* LaunchScreen.storyboard */,
				A6FF19B01CFFD05000362809 /* Info.plist */,
			);
			path = "Swift-Demo";
			sourceTree = "<group>";
		};
/* End PBXGroup section */

/* Begin PBXNativeTarget section */
		A6FF19A01CFFD05000362809 /* Swift-Demo */ = {
			isa = PBXNativeTarget;
			buildConfigurationList = A6FF19B31CFFD05000362809 /* Build configuration list for PBXNativeTarget "Swift-Demo" */;
			buildPhases = (
				A6FF199D1CFFD05000362809 /* Sources */,
				A6FF199E1CFFD05000362809 /* Frameworks */,
				A6FF199F1CFFD05000362809 /* Resources */,
			);
			buildRules = (
			);
			dependencies = (
			);
			name = "Swift-Demo";
			productName = "Swift-Demo";
			productReference = A6FF19A11CFFD05000362809 /* Swift-Demo.app */;
			productType = "com.apple.product-type.application";
		};
/* End PBXNativeTarget section */

/* Begin PBXProject section */
		A6FF19991CFFD05000362809 /* Project object */ = {
			isa = PBXProject;
			attributes = {
				LastSwiftUpdateCheck = 0730;
				LastUpgradeCheck = 0730;
				ORGANIZATIONNAME = rayootech;
				TargetAttributes = {
					A6FF19A01CFFD05000362809 = {
						CreatedOnToolsVersion = 7.3;
					};
				};
			};
			buildConfigurationList = A6FF199C1CFFD05000362809 /* Build configuration list for PBXProject "Swift-Demo" */;
			compatibilityVersion = "Xcode 3.2";
			developmentRegion = English;
			hasScannedForEncodings = 0;
			knownRegions = (
				en,
				Base,
			);
			mainGroup = A6FF19981CFFD05000362809;
			productRefGroup = A6FF19A21CFFD05000362809 /* Products */;
			projectDirPath = "";
			projectRoot = "";
			targets = (
				A6FF19A01CFFD05000362809 /* Swift-Demo */,
			);
		};
/* End PBXProject section */

/* Begin PBXResourcesBuildPhase section */
		A6FF199F1CFFD05000362809 /* Resources */ = {
			isa = PBXResourcesBuildPhase;
			buildActionMask = 2147483647;
			files = (
				A6FF19AF1CFFD05000362809 /* LaunchScreen.storyboard in Resources */,
				A6FF19AC1CFFD05000362809 /* Assets.xcassets in Resources */,
				A6FF19AA1CFFD05000362809 /* Main.storyboard in Resources */,
			);
			runOnlyForDeploymentPostprocessing = 0;
		};
/* End PBXResourcesBuildPhase section */

/* Begin PBXSourcesBuildPhase section */
		A6FF199D1CFFD05000362809 /* Sources */ = {
			isa = PBXSourcesBuildPhase;
			buildActionMask = 2147483647;
			files = (
				A6FF19A71CFFD05000362809 /* ViewController.swift in Sources */,
				A6FF19A51CFFD05000362809 /* AppDelegate.swift in Sources */,
			);
			runOnlyForDeploymentPostprocessing = 0;
		};
/* End PBXSourcesBuildPhase section */

/* Begin PBXVariantGroup section */
		A6FF19A81CFFD05000362809 /* Main.storyboard */ = {
			isa = PBXVariantGroup;
			children = (
				A6FF19A91CFFD05000362809 /* Base */,
			);
			name = Main.storyboard;
			sourceTree = "<group>";
		};
		A6FF19AD1CFFD05000362809 /* LaunchScreen.storyboard */ = {
			isa = PBXVariantGroup;
			children = (
				A6FF19AE1CFFD05000362809 /* Base */,
			);
			name = LaunchScreen.storyboard;
			sourceTree = "<group>";
		};
/* End PBXVariantGroup section */

/* Begin XCBuildConfiguration section */
		A6FF19B11CFFD05000362809 /* Debug */ = {
			isa = XCBuildConfiguration;
			buildSettings = {
				ALWAYS_SEARCH_USER_PATHS = NO;
				CLANG_ANALYZER_NONNULL = YES;
				CLANG_CXX_LANGUAGE_STANDARD = "gnu++0x";
				CLANG_CXX_LIBRARY = "libc++";
				CLANG_ENABLE_MODULES = YES;
				CLANG_ENABLE_OBJC_ARC = YES;
				CLANG_WARN_BOOL_CONVERSION = YES;
				CLANG_WARN_CONSTANT_CONVERSION = YES;
				CLANG_WARN_DIRECT_OBJC_ISA_USAGE = YES_ERROR;
				CLANG_WARN_EMPTY_BODY = YES;
				CLANG_WARN_ENUM_CONVERSION = YES;
				CLANG_WARN_INT_CONVERSION = YES;
				CLANG_WARN_OBJC_ROOT_CLASS = YES_ERROR;
				CLANG_WARN_UNREACHABLE_CODE = YES;
				CLANG_WARN__DUPLICATE_METHOD_MATCH = YES;
				"CODE_SIGN_IDENTITY[sdk=iphoneos*]" = "iPhone Developer";
				COPY_PHASE_STRIP = NO;
				DEBUG_INFORMATION_FORMAT = dwarf;
				ENABLE_STRICT_OBJC_MSGSEND = YES;
				ENABLE_TESTABILITY = YES;
				GCC_C_LANGUAGE_STANDARD = gnu99;
				GCC_DYNAMIC_NO_PIC = NO;
				GCC_NO_COMMON_BLOCKS = YES;
				GCC_OPTIMIZATION_LEVEL = 0;
				GCC_PREPROCESSOR_DEFINITIONS = (
					"DEBUG=1",
					"$(inherited)",
				);
				GCC_WARN_64_TO_32_BIT_CONVERSION = YES;
				GCC_WARN_ABOUT_RETURN_TYPE = YES_ERROR;
				GCC_WARN_UNDECLARED_SELECTOR = YES;
				GCC_WARN_UNINITIALIZED_AUTOS = YES_AGGRESSIVE;
				GCC_WARN_UNUSED_FUNCTION = YES;
				GCC_WARN_UNUSED_VARIABLE = YES;
				IPHONEOS_DEPLOYMENT_TARGET = 9.3;
				MTL_ENABLE_DEBUG_INFO = YES;
				ONLY_ACTIVE_ARCH = YES;
				SDKROOT = iphoneos;
				SWIFT_OPTIMIZATION_LEVEL = "-Onone";
			};
			name = Debug;
		};
		A6FF19B21CFFD05000362809 /* Release */ = {
			isa = XCBuildConfiguration;
			buildSettings = {
				ALWAYS_SEARCH_USER_PATHS = NO;
				CLANG_ANALYZER_NONNULL = YES;
				CLANG_CXX_LANGUAGE_STANDARD = "gnu++0x";
				CLANG_CXX_LIBRARY = "libc++";
				CLANG_ENABLE_MODULES = YES;
				CLANG_ENABLE_OBJC_ARC = YES;
				CLANG_WARN_BOOL_CONVERSION = YES;
				CLANG_WARN_CONSTANT_CONVERSION = YES;
				CLANG_WARN_DIRECT_OBJC_ISA_USAGE = YES_ERROR;
				CLANG_WARN_EMPTY_BODY = YES;
				CLANG_WARN_ENUM_CONVERSION = YES;
				CLANG_WARN_INT_CONVERSION = YES;
				CLANG_WARN_OBJC_ROOT_CLASS = YES_ERROR;
				CLANG_WARN_UNREACHABLE_CODE = YES;
				CLANG_WARN__DUPLICATE_METHOD_MATCH = YES;
				"CODE_SIGN_IDENTITY[sdk=iphoneos*]" = "iPhone Developer";
				COPY_PHASE_STRIP = NO;
				DEBUG_INFORMATION_FORMAT = "dwarf-with-dsym";
				ENABLE_NS_ASSERTIONS = NO;
				ENABLE_STRICT_OBJC_MSGSEND = YES;
				GCC_C_LANGUAGE_STANDARD = gnu99;
				GCC_NO_COMMON_BLOCKS = YES;
				GCC_WARN_64_TO_32_BIT_CONVERSION = YES;
				GCC_WARN_ABOUT_RETURN_TYPE = YES_ERROR;
				GCC_WARN_UNDECLARED_SELECTOR = YES;
				GCC_WARN_UNINITIALIZED_AUTOS = YES_AGGRESSIVE;
				GCC_WARN_UNUSED_FUNCTION = YES;
				GCC_WARN_UNUSED_VARIABLE = YES;
				IPHONEOS_DEPLOYMENT_TARGET = 9.3;
				MTL_ENABLE_DEBUG_INFO = NO;
				SDKROOT = iphoneos;
				VALIDATE_PRODUCT = YES;
			};
			name = Release;
		};
		A6FF19B41CFFD05000362809 /* Debug */ = {
			isa = XCBuildConfiguration;
			buildSettings = {
				ASSETCATALOG_COMPILER_APPICON_NAME = AppIcon;
				INFOPLIST_FILE = "Swift-Demo/Info.plist";
				LD_RUNPATH_SEARCH_PATHS = "$(inherited) @executable_path/Frameworks";
				PRODUCT_BUNDLE_IDENTIFIER = "zyyt.Swift-Demo";
				PRODUCT_NAME = "$(TARGET_NAME)";
			};
			name = Debug;
		};
		A6FF19B51CFFD05000362809 /* Release */ = {
			isa = XCBuildConfiguration;
			buildSettings = {
				ASSETCATALOG_COMPILER_APPICON_NAME = AppIcon;
				INFOPLIST_FILE = "Swift-Demo/Info.plist";
				LD_RUNPATH_SEARCH_PATHS = "$(inherited) @executable_path/Frameworks";
				PRODUCT_BUNDLE_IDENTIFIER = "zyyt.Swift-Demo";
				PRODUCT_NAME = "$(TARGET_NAME)";
			};
			name = Release;
		};
/* End XCBuildConfiguration section */

/* Begin XCConfigurationList section */
		A6FF199C1CFFD05000362809 /* Build configuration list for PBXProject "Swift-Demo" */ = {
			isa = XCConfigurationList;
			buildConfigurations = (
				A6FF19B11CFFD05000362809 /* Debug */,
				A6FF19B21CFFD05000362809 /* Release */,
			);
			defaultConfigurationIsVisible = 0;
			defaultConfigurationName = Release;
		};
		A6FF19B31CFFD05000362809 /* Build configuration list for PBXNativeTarget "Swift-Demo" */ = {
			isa = XCConfigurationList;
			buildConfigurations = (
				A6FF19B41CFFD05000362809 /* Debug */,
				A6FF19B51CFFD05000362809 /* Release */,
			);
			defaultConfigurationIsVisible = 0;
		};
/* End XCConfigurationList section */
	};
	rootObject = A6FF19991CFFD05000362809 /* Project object */;
}
