// !$*UTF8*$!
{
	archiveVersion = 1;
	classes = {
	};
	objectVersion = 46;
	objects = {

/* Begin PBXBuildFile section */
		A60EBE1C1D00819200CEFDA1 /* ZWAlertView.m in Sources */ = {isa = PBXBuildFile; fileRef = A60EBE1B1D00819200CEFDA1 /* ZWAlertView.m */; };
		A60EBE1F1D0081AE00CEFDA1 /* ZWAlertViewController.m in Sources */ = {isa = PBXBuildFile; fileRef = A60EBE1E1D0081AE00CEFDA1 /* ZWAlertViewController.m */; };
		A63A19E31D06A9A900F35D11 /* ZWGroupIcon.m in Sources */ = {isa = PBXBuildFile; fileRef = A63A19E21D06A9A900F35D11 /* ZWGroupIcon.m */; };
		A63A19E61D06A9C500F35D11 /* ZWGroupIconViewController.m in Sources */ = {isa = PBXBuildFile; fileRef = A63A19E51D06A9C500F35D11 /* ZWGroupIconViewController.m */; };
		A63A19EC1D06AB4600F35D11 /* FlagView.m in Sources */ = {isa = PBXBuildFile; fileRef = A63A19E91D06AB4600F35D11 /* FlagView.m */; };
		A63A19ED1D06AB4600F35D11 /* UIControlFlagView.m in Sources */ = {isa = PBXBuildFile; fileRef = A63A19EB1D06AB4600F35D11 /* UIControlFlagView.m */; };
		A63A19F31D06AB7900F35D11 /* ZWUIControl.m in Sources */ = {isa = PBXBuildFile; fileRef = A63A19F01D06AB7900F35D11 /* ZWUIControl.m */; };
		A63A19F41D06AB7900F35D11 /* ZWViewControl.m in Sources */ = {isa = PBXBuildFile; fileRef = A63A19F21D06AB7900F35D11 /* ZWViewControl.m */; };
		A63A19F71D06AB8F00F35D11 /* ZWFlagViewViewController.m in Sources */ = {isa = PBXBuildFile; fileRef = A63A19F61D06AB8F00F35D11 /* ZWFlagViewViewController.m */; };
		A6DEA7B51D03328600FFDD2D /* ZWViewDragViewController.m in Sources */ = {isa = PBXBuildFile; fileRef = A6DEA7B21D03328600FFDD2D /* ZWViewDragViewController.m */; };
		A6DEA7B61D03328600FFDD2D /* ZWViewListViewController.m in Sources */ = {isa = PBXBuildFile; fileRef = A6DEA7B41D03328600FFDD2D /* ZWViewListViewController.m */; };
		A6DEA7B91D03332500FFDD2D /* ZWProcessViewController.m in Sources */ = {isa = PBXBuildFile; fileRef = A6DEA7B81D03332500FFDD2D /* ZWProcessViewController.m */; };
		A6DEA7BD1D03341100FFDD2D /* ZWDragView.m in Sources */ = {isa = PBXBuildFile; fileRef = A6DEA7BC1D03341100FFDD2D /* ZWDragView.m */; };
		A6DEA7C01D033D3700FFDD2D /* ZWDrawerViewController.m in Sources */ = {isa = PBXBuildFile; fileRef = A6DEA7BF1D033D3700FFDD2D /* ZWDrawerViewController.m */; };
		A6DEA7C31D0343D800FFDD2D /* ZWVIewStopViewController.m in Sources */ = {isa = PBXBuildFile; fileRef = A6DEA7C21D0343D800FFDD2D /* ZWVIewStopViewController.m */; };
		A6DEA7C61D03441200FFDD2D /* ZWDragStopView.m in Sources */ = {isa = PBXBuildFile; fileRef = A6DEA7C51D03441200FFDD2D /* ZWDragStopView.m */; };
		A6DEA7C91D03508700FFDD2D /* ZWProcessView.m in Sources */ = {isa = PBXBuildFile; fileRef = A6DEA7C81D03508700FFDD2D /* ZWProcessView.m */; };
		A6E4163C1D03BFCC00E575CE /* ZWPieViewController.m in Sources */ = {isa = PBXBuildFile; fileRef = A6E4163B1D03BFCC00E575CE /* ZWPieViewController.m */; };
		A6E4163F1D03BFDC00E575CE /* ZWPieView.m in Sources */ = {isa = PBXBuildFile; fileRef = A6E4163E1D03BFDC00E575CE /* ZWPieView.m */; };
		A6E416441D03CE5A00E575CE /* ZWBarView.m in Sources */ = {isa = PBXBuildFile; fileRef = A6E416431D03CE5A00E575CE /* ZWBarView.m */; };
		A6E416471D03EAD000E575CE /* UIColor+Extented.m in Sources */ = {isa = PBXBuildFile; fileRef = A6E416461D03EAD000E575CE /* UIColor+Extented.m */; };
		A6E4164A1D03EB3500E575CE /* ZWBarViewController.m in Sources */ = {isa = PBXBuildFile; fileRef = A6E416491D03EB3500E575CE /* ZWBarViewController.m */; };
		A6E86B4A1D07AA4000243EF6 /* ZWButtonListViewController.m in Sources */ = {isa = PBXBuildFile; fileRef = A6E86B491D07AA4000243EF6 /* ZWButtonListViewController.m */; };
		A6E86B4D1D07AA5E00243EF6 /* ZWBlockButtonViewController.m in Sources */ = {isa = PBXBuildFile; fileRef = A6E86B4C1D07AA5E00243EF6 /* ZWBlockButtonViewController.m */; };
		A6E86B511D07AAC300243EF6 /* ZWBlockButton.m in Sources */ = {isa = PBXBuildFile; fileRef = A6E86B501D07AAC300243EF6 /* ZWBlockButton.m */; };
		A6E86B541D07B04E00243EF6 /* UIButton+Block.m in Sources */ = {isa = PBXBuildFile; fileRef = A6E86B531D07B04E00243EF6 /* UIButton+Block.m */; };
		A6E86B5A1D07B45000243EF6 /* ZWChainProgrammingViewController.m in Sources */ = {isa = PBXBuildFile; fileRef = A6E86B591D07B45000243EF6 /* ZWChainProgrammingViewController.m */; };
		A6E86B5D1D07B48C00243EF6 /* ZWCaculatorViewController.m in Sources */ = {isa = PBXBuildFile; fileRef = A6E86B5C1D07B48C00243EF6 /* ZWCaculatorViewController.m */; };
		A6E86B601D07B4EC00243EF6 /* ZWCaculatorMaker.m in Sources */ = {isa = PBXBuildFile; fileRef = A6E86B5F1D07B4EC00243EF6 /* ZWCaculatorMaker.m */; };
		A6E86B631D07B93100243EF6 /* NSObject+Caculator.m in Sources */ = {isa = PBXBuildFile; fileRef = A6E86B621D07B93100243EF6 /* NSObject+Caculator.m */; };
		A6F5F7C41D018BCA00664D00 /* ZWAlertBlockViewController.m in Sources */ = {isa = PBXBuildFile; fileRef = A6F5F7C31D018BC900664D00 /* ZWAlertBlockViewController.m */; };
		A6F5F7C71D018C7300664D00 /* ZWAlertUserViewController.m in Sources */ = {isa = PBXBuildFile; fileRef = A6F5F7C61D018C7300664D00 /* ZWAlertUserViewController.m */; };
		A6F5F7CA1D018CBA00664D00 /* ZWUserAlertView.m in Sources */ = {isa = PBXBuildFile; fileRef = A6F5F7C91D018CBA00664D00 /* ZWUserAlertView.m */; };
		A6F5F7CD1D018E2900664D00 /* ZWBaseTableViewController.m in Sources */ = {isa = PBXBuildFile; fileRef = A6F5F7CC1D018E2900664D00 /* ZWBaseTableViewController.m */; };
		A6FF19831CFFD03900362809 /* main.m in Sources */ = {isa = PBXBuildFile; fileRef = A6FF19821CFFD03900362809 /* main.m */; };
		A6FF19861CFFD03900362809 /* AppDelegate.m in Sources */ = {isa = PBXBuildFile; fileRef = A6FF19851CFFD03900362809 /* AppDelegate.m */; };
		A6FF198E1CFFD03900362809 /* Assets.xcassets in Resources */ = {isa = PBXBuildFile; fileRef = A6FF198D1CFFD03900362809 /* Assets.xcassets */; };
		A6FF19911CFFD03900362809 /* LaunchScreen.storyboard in Resources */ = {isa = PBXBuildFile; fileRef = A6FF198F1CFFD03900362809 /* LaunchScreen.storyboard */; };
		A6FF19BD1CFFD4ED00362809 /* ZWBaseViewController.m in Sources */ = {isa = PBXBuildFile; fileRef = A6FF19BC1CFFD4ED00362809 /* ZWBaseViewController.m */; };
		A6FF19C01CFFD71000362809 /* ZWBaseNavigationController.m in Sources */ = {isa = PBXBuildFile; fileRef = A6FF19BF1CFFD71000362809 /* ZWBaseNavigationController.m */; };
		A6FF19C31CFFD7F000362809 /* ZWRootViewController.m in Sources */ = {isa = PBXBuildFile; fileRef = A6FF19C21CFFD7F000362809 /* ZWRootViewController.m */; };
		A6FF19CD1D0011F500362809 /* ZWTurnControllerProducter.m in Sources */ = {isa = PBXBuildFile; fileRef = A6FF19CC1D0011F500362809 /* ZWTurnControllerProducter.m */; };
		A6FF19D01D00120000362809 /* UINavigationController+ZWTurnPush.m in Sources */ = {isa = PBXBuildFile; fileRef = A6FF19CF1D00120000362809 /* UINavigationController+ZWTurnPush.m */; };
		A6FF19D31D00148300362809 /* UIColor+expanded.m in Sources */ = {isa = PBXBuildFile; fileRef = A6FF19D21D00148300362809 /* UIColor+expanded.m */; };
		A6FF19D61D0014C900362809 /* UIImage+Common.m in Sources */ = {isa = PBXBuildFile; fileRef = A6FF19D51D0014C900362809 /* UIImage+Common.m */; };
		A6FF19EF1D0016CC00362809 /* MASCompositeConstraint.m in Sources */ = {isa = PBXBuildFile; fileRef = A6FF19D91D0016CC00362809 /* MASCompositeConstraint.m */; };
		A6FF19F01D0016CC00362809 /* MASConstraint.m in Sources */ = {isa = PBXBuildFile; fileRef = A6FF19DC1D0016CC00362809 /* MASConstraint.m */; };
		A6FF19F11D0016CC00362809 /* MASConstraintMaker.m in Sources */ = {isa = PBXBuildFile; fileRef = A6FF19DE1D0016CC00362809 /* MASConstraintMaker.m */; };
		A6FF19F21D0016CC00362809 /* MASLayoutConstraint.m in Sources */ = {isa = PBXBuildFile; fileRef = A6FF19E01D0016CC00362809 /* MASLayoutConstraint.m */; };
		A6FF19F31D0016CC00362809 /* MASViewAttribute.m in Sources */ = {isa = PBXBuildFile; fileRef = A6FF19E41D0016CC00362809 /* MASViewAttribute.m */; };
		A6FF19F41D0016CC00362809 /* MASViewConstraint.m in Sources */ = {isa = PBXBuildFile; fileRef = A6FF19E61D0016CC00362809 /* MASViewConstraint.m */; };
		A6FF19F51D0016CC00362809 /* NSArray+MASAdditions.m in Sources */ = {isa = PBXBuildFile; fileRef = A6FF19E81D0016CC00362809 /* NSArray+MASAdditions.m */; };
		A6FF19F61D0016CC00362809 /* NSLayoutConstraint+MASDebugAdditions.m in Sources */ = {isa = PBXBuildFile; fileRef = A6FF19EB1D0016CC00362809 /* NSLayoutConstraint+MASDebugAdditions.m */; };
		A6FF19F71D0016CC00362809 /* View+MASAdditions.m in Sources */ = {isa = PBXBuildFile; fileRef = A6FF19ED1D0016CC00362809 /* View+MASAdditions.m */; };
/* End PBXBuildFile section */

/* Begin PBXFileReference section */
		A60EBE1A1D00819200CEFDA1 /* ZWAlertView.h */ = {isa = PBXFileReference; fileEncoding = 4; lastKnownFileType = sourcecode.c.h; path = ZWAlertView.h; sourceTree = "<group>"; };
		A60EBE1B1D00819200CEFDA1 /* ZWAlertView.m */ = {isa = PBXFileReference; fileEncoding = 4; lastKnownFileType = sourcecode.c.objc; path = ZWAlertView.m; sourceTree = "<group>"; };
		A60EBE1D1D0081AE00CEFDA1 /* ZWAlertViewController.h */ = {isa = PBXFileReference; fileEncoding = 4; lastKnownFileType = sourcecode.c.h; path = ZWAlertViewController.h; sourceTree = "<group>"; };
		A60EBE1E1D0081AE00CEFDA1 /* ZWAlertViewController.m */ = {isa = PBXFileReference; fileEncoding = 4; lastKnownFileType = sourcecode.c.objc; path = ZWAlertViewController.m; sourceTree = "<group>"; };
		A63A19E11D06A9A900F35D11 /* ZWGroupIcon.h */ = {isa = PBXFileReference; fileEncoding = 4; lastKnownFileType = sourcecode.c.h; path = ZWGroupIcon.h; sourceTree = "<group>"; };
		A63A19E21D06A9A900F35D11 /* ZWGroupIcon.m */ = {isa = PBXFileReference; fileEncoding = 4; lastKnownFileType = sourcecode.c.objc; path = ZWGroupIcon.m; sourceTree = "<group>"; };
		A63A19E41D06A9C500F35D11 /* ZWGroupIconViewController.h */ = {isa = PBXFileReference; fileEncoding = 4; lastKnownFileType = sourcecode.c.h; path = ZWGroupIconViewController.h; sourceTree = "<group>"; };
		A63A19E51D06A9C500F35D11 /* ZWGroupIconViewController.m */ = {isa = PBXFileReference; fileEncoding = 4; lastKnownFileType = sourcecode.c.objc; path = ZWGroupIconViewController.m; sourceTree = "<group>"; };
		A63A19E81D06AB4600F35D11 /* FlagView.h */ = {isa = PBXFileReference; fileEncoding = 4; lastKnownFileType = sourcecode.c.h; path = FlagView.h; sourceTree = "<group>"; };
		A63A19E91D06AB4600F35D11 /* FlagView.m */ = {isa = PBXFileReference; fileEncoding = 4; lastKnownFileType = sourcecode.c.objc; path = FlagView.m; sourceTree = "<group>"; };
		A63A19EA1D06AB4600F35D11 /* UIControlFlagView.h */ = {isa = PBXFileReference; fileEncoding = 4; lastKnownFileType = sourcecode.c.h; path = UIControlFlagView.h; sourceTree = "<group>"; };
		A63A19EB1D06AB4600F35D11 /* UIControlFlagView.m */ = {isa = PBXFileReference; fileEncoding = 4; lastKnownFileType = sourcecode.c.objc; path = UIControlFlagView.m; sourceTree = "<group>"; };
		A63A19EF1D06AB7900F35D11 /* ZWUIControl.h */ = {isa = PBXFileReference; fileEncoding = 4; lastKnownFileType = sourcecode.c.h; path = ZWUIControl.h; sourceTree = "<group>"; };
		A63A19F01D06AB7900F35D11 /* ZWUIControl.m */ = {isa = PBXFileReference; fileEncoding = 4; lastKnownFileType = sourcecode.c.objc; path = ZWUIControl.m; sourceTree = "<group>"; };
		A63A19F11D06AB7900F35D11 /* ZWViewControl.h */ = {isa = PBXFileReference; fileEncoding = 4; lastKnownFileType = sourcecode.c.h; path = ZWViewControl.h; sourceTree = "<group>"; };
		A63A19F21D06AB7900F35D11 /* ZWViewControl.m */ = {isa = PBXFileReference; fileEncoding = 4; lastKnownFileType = sourcecode.c.objc; path = ZWViewControl.m; sourceTree = "<group>"; };
		A63A19F51D06AB8F00F35D11 /* ZWFlagViewViewController.h */ = {isa = PBXFileReference; fileEncoding = 4; lastKnownFileType = sourcecode.c.h; path = ZWFlagViewViewController.h; sourceTree = "<group>"; };
		A63A19F61D06AB8F00F35D11 /* ZWFlagViewViewController.m */ = {isa = PBXFileReference; fileEncoding = 4; lastKnownFileType = sourcecode.c.objc; path = ZWFlagViewViewController.m; sourceTree = "<group>"; };
		A6DEA7B11D03328600FFDD2D /* ZWViewDragViewController.h */ = {isa = PBXFileReference; fileEncoding = 4; lastKnownFileType = sourcecode.c.h; path = ZWViewDragViewController.h; sourceTree = "<group>"; };
		A6DEA7B21D03328600FFDD2D /* ZWViewDragViewController.m */ = {isa = PBXFileReference; fileEncoding = 4; lastKnownFileType = sourcecode.c.objc; path = ZWViewDragViewController.m; sourceTree = "<group>"; };
		A6DEA7B31D03328600FFDD2D /* ZWViewListViewController.h */ = {isa = PBXFileReference; fileEncoding = 4; lastKnownFileType = sourcecode.c.h; path = ZWViewListViewController.h; sourceTree = "<group>"; };
		A6DEA7B41D03328600FFDD2D /* ZWViewListViewController.m */ = {isa = PBXFileReference; fileEncoding = 4; lastKnownFileType = sourcecode.c.objc; path = ZWViewListViewController.m; sourceTree = "<group>"; };
		A6DEA7B71D03332500FFDD2D /* ZWProcessViewController.h */ = {isa = PBXFileReference; fileEncoding = 4; lastKnownFileType = sourcecode.c.h; path = ZWProcessViewController.h; sourceTree = "<group>"; };
		A6DEA7B81D03332500FFDD2D /* ZWProcessViewController.m */ = {isa = PBXFileReference; fileEncoding = 4; lastKnownFileType = sourcecode.c.objc; path = ZWProcessViewController.m; sourceTree = "<group>"; };
		A6DEA7BB1D03341100FFDD2D /* ZWDragView.h */ = {isa = PBXFileReference; fileEncoding = 4; lastKnownFileType = sourcecode.c.h; path = ZWDragView.h; sourceTree = "<group>"; };
		A6DEA7BC1D03341100FFDD2D /* ZWDragView.m */ = {isa = PBXFileReference; fileEncoding = 4; lastKnownFileType = sourcecode.c.objc; path = ZWDragView.m; sourceTree = "<group>"; };
		A6DEA7BE1D033D3700FFDD2D /* ZWDrawerViewController.h */ = {isa = PBXFileReference; fileEncoding = 4; lastKnownFileType = sourcecode.c.h; path = ZWDrawerViewController.h; sourceTree = "<group>"; };
		A6DEA7BF1D033D3700FFDD2D /* ZWDrawerViewController.m */ = {isa = PBXFileReference; fileEncoding = 4; lastKnownFileType = sourcecode.c.objc; path = ZWDrawerViewController.m; sourceTree = "<group>"; };
		A6DEA7C11D0343D800FFDD2D /* ZWVIewStopViewController.h */ = {isa = PBXFileReference; fileEncoding = 4; lastKnownFileType = sourcecode.c.h; path = ZWVIewStopViewController.h; sourceTree = "<group>"; };
		A6DEA7C21D0343D800FFDD2D /* ZWVIewStopViewController.m */ = {isa = PBXFileReference; fileEncoding = 4; lastKnownFileType = sourcecode.c.objc; path = ZWVIewStopViewController.m; sourceTree = "<group>"; };
		A6DEA7C41D03441200FFDD2D /* ZWDragStopView.h */ = {isa = PBXFileReference; fileEncoding = 4; lastKnownFileType = sourcecode.c.h; path = ZWDragStopView.h; sourceTree = "<group>"; };
		A6DEA7C51D03441200FFDD2D /* ZWDragStopView.m */ = {isa = PBXFileReference; fileEncoding = 4; lastKnownFileType = sourcecode.c.objc; path = ZWDragStopView.m; sourceTree = "<group>"; };
		A6DEA7C71D03508700FFDD2D /* ZWProcessView.h */ = {isa = PBXFileReference; fileEncoding = 4; lastKnownFileType = sourcecode.c.h; path = ZWProcessView.h; sourceTree = "<group>"; };
		A6DEA7C81D03508700FFDD2D /* ZWProcessView.m */ = {isa = PBXFileReference; fileEncoding = 4; lastKnownFileType = sourcecode.c.objc; path = ZWProcessView.m; sourceTree = "<group>"; };
		A6E4163A1D03BFCC00E575CE /* ZWPieViewController.h */ = {isa = PBXFileReference; fileEncoding = 4; lastKnownFileType = sourcecode.c.h; path = ZWPieViewController.h; sourceTree = "<group>"; };
		A6E4163B1D03BFCC00E575CE /* ZWPieViewController.m */ = {isa = PBXFileReference; fileEncoding = 4; lastKnownFileType = sourcecode.c.objc; path = ZWPieViewController.m; sourceTree = "<group>"; };
		A6E4163D1D03BFDC00E575CE /* ZWPieView.h */ = {isa = PBXFileReference; fileEncoding = 4; lastKnownFileType = sourcecode.c.h; path = ZWPieView.h; sourceTree = "<group>"; };
		A6E4163E1D03BFDC00E575CE /* ZWPieView.m */ = {isa = PBXFileReference; fileEncoding = 4; lastKnownFileType = sourcecode.c.objc; path = ZWPieView.m; sourceTree = "<group>"; };
		A6E416421D03CE5A00E575CE /* ZWBarView.h */ = {isa = PBXFileReference; fileEncoding = 4; lastKnownFileType = sourcecode.c.h; path = ZWBarView.h; sourceTree = "<group>"; };
		A6E416431D03CE5A00E575CE /* ZWBarView.m */ = {isa = PBXFileReference; fileEncoding = 4; lastKnownFileType = sourcecode.c.objc; path = ZWBarView.m; sourceTree = "<group>"; };
		A6E416451D03EAD000E575CE /* UIColor+Extented.h */ = {isa = PBXFileReference; fileEncoding = 4; lastKnownFileType = sourcecode.c.h; path = "UIColor+Extented.h"; sourceTree = "<group>"; };
		A6E416461D03EAD000E575CE /* UIColor+Extented.m */ = {isa = PBXFileReference; fileEncoding = 4; lastKnownFileType = sourcecode.c.objc; path = "UIColor+Extented.m"; sourceTree = "<group>"; };
		A6E416481D03EB3500E575CE /* ZWBarViewController.h */ = {isa = PBXFileReference; fileEncoding = 4; lastKnownFileType = sourcecode.c.h; path = ZWBarViewController.h; sourceTree = "<group>"; };
		A6E416491D03EB3500E575CE /* ZWBarViewController.m */ = {isa = PBXFileReference; fileEncoding = 4; lastKnownFileType = sourcecode.c.objc; path = ZWBarViewController.m; sourceTree = "<group>"; };
		A6E86B481D07AA4000243EF6 /* ZWButtonListViewController.h */ = {isa = PBXFileReference; fileEncoding = 4; lastKnownFileType = sourcecode.c.h; path = ZWButtonListViewController.h; sourceTree = "<group>"; };
		A6E86B491D07AA4000243EF6 /* ZWButtonListViewController.m */ = {isa = PBXFileReference; fileEncoding = 4; lastKnownFileType = sourcecode.c.objc; path = ZWButtonListViewController.m; sourceTree = "<group>"; };
		A6E86B4B1D07AA5E00243EF6 /* ZWBlockButtonViewController.h */ = {isa = PBXFileReference; fileEncoding = 4; lastKnownFileType = sourcecode.c.h; path = ZWBlockButtonViewController.h; sourceTree = "<group>"; };
		A6E86B4C1D07AA5E00243EF6 /* ZWBlockButtonViewController.m */ = {isa = PBXFileReference; fileEncoding = 4; lastKnownFileType = sourcecode.c.objc; path = ZWBlockButtonViewController.m; sourceTree = "<group>"; };
		A6E86B4F1D07AAC300243EF6 /* ZWBlockButton.h */ = {isa = PBXFileReference; fileEncoding = 4; lastKnownFileType = sourcecode.c.h; path = ZWBlockButton.h; sourceTree = "<group>"; };
		A6E86B501D07AAC300243EF6 /* ZWBlockButton.m */ = {isa = PBXFileReference; fileEncoding = 4; lastKnownFileType = sourcecode.c.objc; path = ZWBlockButton.m; sourceTree = "<group>"; };
		A6E86B521D07B04E00243EF6 /* UIButton+Block.h */ = {isa = PBXFileReference; fileEncoding = 4; lastKnownFileType = sourcecode.c.h; path = "UIButton+Block.h"; sourceTree = "<group>"; };
		A6E86B531D07B04E00243EF6 /* UIButton+Block.m */ = {isa = PBXFileReference; fileEncoding = 4; lastKnownFileType = sourcecode.c.objc; path = "UIButton+Block.m"; sourceTree = "<group>"; };
		A6E86B581D07B45000243EF6 /* ZWChainProgrammingViewController.h */ = {isa = PBXFileReference; fileEncoding = 4; lastKnownFileType = sourcecode.c.h; path = ZWChainProgrammingViewController.h; sourceTree = "<group>"; };
		A6E86B591D07B45000243EF6 /* ZWChainProgrammingViewController.m */ = {isa = PBXFileReference; fileEncoding = 4; lastKnownFileType = sourcecode.c.objc; path = ZWChainProgrammingViewController.m; sourceTree = "<group>"; };
		A6E86B5B1D07B48C00243EF6 /* ZWCaculatorViewController.h */ = {isa = PBXFileReference; fileEncoding = 4; lastKnownFileType = sourcecode.c.h; path = ZWCaculatorViewController.h; sourceTree = "<group>"; };
		A6E86B5C1D07B48C00243EF6 /* ZWCaculatorViewController.m */ = {isa = PBXFileReference; fileEncoding = 4; lastKnownFileType = sourcecode.c.objc; path = ZWCaculatorViewController.m; sourceTree = "<group>"; };
		A6E86B5E1D07B4EC00243EF6 /* ZWCaculatorMaker.h */ = {isa = PBXFileReference; fileEncoding = 4; lastKnownFileType = sourcecode.c.h; path = ZWCaculatorMaker.h; sourceTree = "<group>"; };
		A6E86B5F1D07B4EC00243EF6 /* ZWCaculatorMaker.m */ = {isa = PBXFileReference; fileEncoding = 4; lastKnownFileType = sourcecode.c.objc; path = ZWCaculatorMaker.m; sourceTree = "<group>"; };
		A6E86B611D07B93100243EF6 /* NSObject+Caculator.h */ = {isa = PBXFileReference; fileEncoding = 4; lastKnownFileType = sourcecode.c.h; path = "NSObject+Caculator.h"; sourceTree = "<group>"; };
		A6E86B621D07B93100243EF6 /* NSObject+Caculator.m */ = {isa = PBXFileReference; fileEncoding = 4; lastKnownFileType = sourcecode.c.objc; path = "NSObject+Caculator.m"; sourceTree = "<group>"; };
		A6F5F7C21D018BC900664D00 /* ZWAlertBlockViewController.h */ = {isa = PBXFileReference; fileEncoding = 4; lastKnownFileType = sourcecode.c.h; path = ZWAlertBlockViewController.h; sourceTree = "<group>"; };
		A6F5F7C31D018BC900664D00 /* ZWAlertBlockViewController.m */ = {isa = PBXFileReference; fileEncoding = 4; lastKnownFileType = sourcecode.c.objc; path = ZWAlertBlockViewController.m; sourceTree = "<group>"; };
		A6F5F7C51D018C7300664D00 /* ZWAlertUserViewController.h */ = {isa = PBXFileReference; fileEncoding = 4; lastKnownFileType = sourcecode.c.h; path = ZWAlertUserViewController.h; sourceTree = "<group>"; };
		A6F5F7C61D018C7300664D00 /* ZWAlertUserViewController.m */ = {isa = PBXFileReference; fileEncoding = 4; lastKnownFileType = sourcecode.c.objc; path = ZWAlertUserViewController.m; sourceTree = "<group>"; };
		A6F5F7C81D018CBA00664D00 /* ZWUserAlertView.h */ = {isa = PBXFileReference; fileEncoding = 4; lastKnownFileType = sourcecode.c.h; path = ZWUserAlertView.h; sourceTree = "<group>"; };
		A6F5F7C91D018CBA00664D00 /* ZWUserAlertView.m */ = {isa = PBXFileReference; fileEncoding = 4; lastKnownFileType = sourcecode.c.objc; path = ZWUserAlertView.m; sourceTree = "<group>"; };
		A6F5F7CB1D018E2900664D00 /* ZWBaseTableViewController.h */ = {isa = PBXFileReference; fileEncoding = 4; lastKnownFileType = sourcecode.c.h; path = ZWBaseTableViewController.h; sourceTree = "<group>"; };
		A6F5F7CC1D018E2900664D00 /* ZWBaseTableViewController.m */ = {isa = PBXFileReference; fileEncoding = 4; lastKnownFileType = sourcecode.c.objc; path = ZWBaseTableViewController.m; sourceTree = "<group>"; };
		A6FF197E1CFFD03900362809 /* Objective-C-Demo.app */ = {isa = PBXFileReference; explicitFileType = wrapper.application; includeInIndex = 0; path = "Objective-C-Demo.app"; sourceTree = BUILT_PRODUCTS_DIR; };
		A6FF19821CFFD03900362809 /* main.m */ = {isa = PBXFileReference; lastKnownFileType = sourcecode.c.objc; path = main.m; sourceTree = "<group>"; };
		A6FF19841CFFD03900362809 /* AppDelegate.h */ = {isa = PBXFileReference; lastKnownFileType = sourcecode.c.h; name = AppDelegate.h; path = ../../../AppDelegate.h; sourceTree = "<group>"; };
		A6FF19851CFFD03900362809 /* AppDelegate.m */ = {isa = PBXFileReference; lastKnownFileType = sourcecode.c.objc; name = AppDelegate.m; path = ../../../AppDelegate.m; sourceTree = "<group>"; };
		A6FF198D1CFFD03900362809 /* Assets.xcassets */ = {isa = PBXFileReference; lastKnownFileType = folder.assetcatalog; path = Assets.xcassets; sourceTree = "<group>"; };
		A6FF19901CFFD03900362809 /* Base */ = {isa = PBXFileReference; lastKnownFileType = file.storyboard; name = Base; path = Base.lproj/LaunchScreen.storyboard; sourceTree = "<group>"; };
		A6FF19921CFFD03900362809 /* Info.plist */ = {isa = PBXFileReference; lastKnownFileType = text.plist.xml; path = Info.plist; sourceTree = "<group>"; };
		A6FF19BB1CFFD4ED00362809 /* ZWBaseViewController.h */ = {isa = PBXFileReference; fileEncoding = 4; lastKnownFileType = sourcecode.c.h; path = ZWBaseViewController.h; sourceTree = "<group>"; };
		A6FF19BC1CFFD4ED00362809 /* ZWBaseViewController.m */ = {isa = PBXFileReference; fileEncoding = 4; lastKnownFileType = sourcecode.c.objc; path = ZWBaseViewController.m; sourceTree = "<group>"; };
		A6FF19BE1CFFD71000362809 /* ZWBaseNavigationController.h */ = {isa = PBXFileReference; fileEncoding = 4; lastKnownFileType = sourcecode.c.h; path = ZWBaseNavigationController.h; sourceTree = "<group>"; };
		A6FF19BF1CFFD71000362809 /* ZWBaseNavigationController.m */ = {isa = PBXFileReference; fileEncoding = 4; lastKnownFileType = sourcecode.c.objc; path = ZWBaseNavigationController.m; sourceTree = "<group>"; };
		A6FF19C11CFFD7F000362809 /* ZWRootViewController.h */ = {isa = PBXFileReference; fileEncoding = 4; lastKnownFileType = sourcecode.c.h; path = ZWRootViewController.h; sourceTree = "<group>"; };
		A6FF19C21CFFD7F000362809 /* ZWRootViewController.m */ = {isa = PBXFileReference; fileEncoding = 4; lastKnownFileType = sourcecode.c.objc; path = ZWRootViewController.m; sourceTree = "<group>"; };
		A6FF19C91D00110200362809 /* ZWPrefixHeader.pch */ = {isa = PBXFileReference; fileEncoding = 4; lastKnownFileType = sourcecode.c.h; path = ZWPrefixHeader.pch; sourceTree = "<group>"; };
		A6FF19CB1D0011F500362809 /* ZWTurnControllerProducter.h */ = {isa = PBXFileReference; fileEncoding = 4; lastKnownFileType = sourcecode.c.h; path = ZWTurnControllerProducter.h; sourceTree = "<group>"; };
		A6FF19CC1D0011F500362809 /* ZWTurnControllerProducter.m */ = {isa = PBXFileReference; fileEncoding = 4; lastKnownFileType = sourcecode.c.objc; path = ZWTurnControllerProducter.m; sourceTree = "<group>"; };
		A6FF19CE1D00120000362809 /* UINavigationController+ZWTurnPush.h */ = {isa = PBXFileReference; fileEncoding = 4; lastKnownFileType = sourcecode.c.h; path = "UINavigationController+ZWTurnPush.h"; sourceTree = "<group>"; };
		A6FF19CF1D00120000362809 /* UINavigationController+ZWTurnPush.m */ = {isa = PBXFileReference; fileEncoding = 4; lastKnownFileType = sourcecode.c.objc; path = "UINavigationController+ZWTurnPush.m"; sourceTree = "<group>"; };
		A6FF19D11D00148300362809 /* UIColor+expanded.h */ = {isa = PBXFileReference; fileEncoding = 4; lastKnownFileType = sourcecode.c.h; path = "UIColor+expanded.h"; sourceTree = "<group>"; };
		A6FF19D21D00148300362809 /* UIColor+expanded.m */ = {isa = PBXFileReference; fileEncoding = 4; lastKnownFileType = sourcecode.c.objc; path = "UIColor+expanded.m"; sourceTree = "<group>"; };
		A6FF19D41D0014C900362809 /* UIImage+Common.h */ = {isa = PBXFileReference; fileEncoding = 4; lastKnownFileType = sourcecode.c.h; path = "UIImage+Common.h"; sourceTree = "<group>"; };
		A6FF19D51D0014C900362809 /* UIImage+Common.m */ = {isa = PBXFileReference; fileEncoding = 4; lastKnownFileType = sourcecode.c.objc; path = "UIImage+Common.m"; sourceTree = "<group>"; };
		A6FF19D81D0016CC00362809 /* MASCompositeConstraint.h */ = {isa = PBXFileReference; fileEncoding = 4; lastKnownFileType = sourcecode.c.h; path = MASCompositeConstraint.h; sourceTree = "<group>"; };
		A6FF19D91D0016CC00362809 /* MASCompositeConstraint.m */ = {isa = PBXFileReference; fileEncoding = 4; lastKnownFileType = sourcecode.c.objc; path = MASCompositeConstraint.m; sourceTree = "<group>"; };
		A6FF19DA1D0016CC00362809 /* MASConstraint+Private.h */ = {isa = PBXFileReference; fileEncoding = 4; lastKnownFileType = sourcecode.c.h; path = "MASConstraint+Private.h"; sourceTree = "<group>"; };
		A6FF19DB1D0016CC00362809 /* MASConstraint.h */ = {isa = PBXFileReference; fileEncoding = 4; lastKnownFileType = sourcecode.c.h; path = MASConstraint.h; sourceTree = "<group>"; };
		A6FF19DC1D0016CC00362809 /* MASConstraint.m */ = {isa = PBXFileReference; fileEncoding = 4; lastKnownFileType = sourcecode.c.objc; path = MASConstraint.m; sourceTree = "<group>"; };
		A6FF19DD1D0016CC00362809 /* MASConstraintMaker.h */ = {isa = PBXFileReference; fileEncoding = 4; lastKnownFileType = sourcecode.c.h; path = MASConstraintMaker.h; sourceTree = "<group>"; };
		A6FF19DE1D0016CC00362809 /* MASConstraintMaker.m */ = {isa = PBXFileReference; fileEncoding = 4; lastKnownFileType = sourcecode.c.objc; path = MASConstraintMaker.m; sourceTree = "<group>"; };
		A6FF19DF1D0016CC00362809 /* MASLayoutConstraint.h */ = {isa = PBXFileReference; fileEncoding = 4; lastKnownFileType = sourcecode.c.h; path = MASLayoutConstraint.h; sourceTree = "<group>"; };
		A6FF19E01D0016CC00362809 /* MASLayoutConstraint.m */ = {isa = PBXFileReference; fileEncoding = 4; lastKnownFileType = sourcecode.c.objc; path = MASLayoutConstraint.m; sourceTree = "<group>"; };
		A6FF19E11D0016CC00362809 /* Masonry.h */ = {isa = PBXFileReference; fileEncoding = 4; lastKnownFileType = sourcecode.c.h; path = Masonry.h; sourceTree = "<group>"; };
		A6FF19E21D0016CC00362809 /* MASUtilities.h */ = {isa = PBXFileReference; fileEncoding = 4; lastKnownFileType = sourcecode.c.h; path = MASUtilities.h; sourceTree = "<group>"; };
		A6FF19E31D0016CC00362809 /* MASViewAttribute.h */ = {isa = PBXFileReference; fileEncoding = 4; lastKnownFileType = sourcecode.c.h; path = MASViewAttribute.h; sourceTree = "<group>"; };
		A6FF19E41D0016CC00362809 /* MASViewAttribute.m */ = {isa = PBXFileReference; fileEncoding = 4; lastKnownFileType = sourcecode.c.objc; path = MASViewAttribute.m; sourceTree = "<group>"; };
		A6FF19E51D0016CC00362809 /* MASViewConstraint.h */ = {isa = PBXFileReference; fileEncoding = 4; lastKnownFileType = sourcecode.c.h; path = MASViewConstraint.h; sourceTree = "<group>"; };
		A6FF19E61D0016CC00362809 /* MASViewConstraint.m */ = {isa = PBXFileReference; fileEncoding = 4; lastKnownFileType = sourcecode.c.objc; path = MASViewConstraint.m; sourceTree = "<group>"; };
		A6FF19E71D0016CC00362809 /* NSArray+MASAdditions.h */ = {isa = PBXFileReference; fileEncoding = 4; lastKnownFileType = sourcecode.c.h; path = "NSArray+MASAdditions.h"; sourceTree = "<group>"; };
		A6FF19E81D0016CC00362809 /* NSArray+MASAdditions.m */ = {isa = PBXFileReference; fileEncoding = 4; lastKnownFileType = sourcecode.c.objc; path = "NSArray+MASAdditions.m"; sourceTree = "<group>"; };
		A6FF19E91D0016CC00362809 /* NSArray+MASShorthandAdditions.h */ = {isa = PBXFileReference; fileEncoding = 4; lastKnownFileType = sourcecode.c.h; path = "NSArray+MASShorthandAdditions.h"; sourceTree = "<group>"; };
		A6FF19EA1D0016CC00362809 /* NSLayoutConstraint+MASDebugAdditions.h */ = {isa = PBXFileReference; fileEncoding = 4; lastKnownFileType = sourcecode.c.h; path = "NSLayoutConstraint+MASDebugAdditions.h"; sourceTree = "<group>"; };
		A6FF19EB1D0016CC00362809 /* NSLayoutConstraint+MASDebugAdditions.m */ = {isa = PBXFileReference; fileEncoding = 4; lastKnownFileType = sourcecode.c.objc; path = "NSLayoutConstraint+MASDebugAdditions.m"; sourceTree = "<group>"; };
		A6FF19EC1D0016CC00362809 /* View+MASAdditions.h */ = {isa = PBXFileReference; fileEncoding = 4; lastKnownFileType = sourcecode.c.h; path = "View+MASAdditions.h"; sourceTree = "<group>"; };
		A6FF19ED1D0016CC00362809 /* View+MASAdditions.m */ = {isa = PBXFileReference; fileEncoding = 4; lastKnownFileType = sourcecode.c.objc; path = "View+MASAdditions.m"; sourceTree = "<group>"; };
		A6FF19EE1D0016CC00362809 /* View+MASShorthandAdditions.h */ = {isa = PBXFileReference; fileEncoding = 4; lastKnownFileType = sourcecode.c.h; path = "View+MASShorthandAdditions.h"; sourceTree = "<group>"; };
/* End PBXFileReference section */

/* Begin PBXFrameworksBuildPhase section */
		A6FF197B1CFFD03900362809 /* Frameworks */ = {
			isa = PBXFrameworksBuildPhase;
			buildActionMask = 2147483647;
			files = (
			);
			runOnlyForDeploymentPostprocessing = 0;
		};
/* End PBXFrameworksBuildPhase section */

/* Begin PBXGroup section */
		A60EBE171D00810000CEFDA1 /* AlertView */ = {
			isa = PBXGroup;
			children = (
				A60EBE191D00815800CEFDA1 /* controller */,
				A60EBE181D00814700CEFDA1 /* view */,
			);
			path = AlertView;
			sourceTree = "<group>";
		};
		A60EBE181D00814700CEFDA1 /* view */ = {
			isa = PBXGroup;
			children = (
				A60EBE1A1D00819200CEFDA1 /* ZWAlertView.h */,
				A60EBE1B1D00819200CEFDA1 /* ZWAlertView.m */,
				A6F5F7C81D018CBA00664D00 /* ZWUserAlertView.h */,
				A6F5F7C91D018CBA00664D00 /* ZWUserAlertView.m */,
			);
			path = view;
			sourceTree = "<group>";
		};
		A60EBE191D00815800CEFDA1 /* controller */ = {
			isa = PBXGroup;
			children = (
				A60EBE1D1D0081AE00CEFDA1 /* ZWAlertViewController.h */,
				A60EBE1E1D0081AE00CEFDA1 /* ZWAlertViewController.m */,
				A6F5F7C21D018BC900664D00 /* ZWAlertBlockViewController.h */,
				A6F5F7C31D018BC900664D00 /* ZWAlertBlockViewController.m */,
				A6F5F7C51D018C7300664D00 /* ZWAlertUserViewController.h */,
				A6F5F7C61D018C7300664D00 /* ZWAlertUserViewController.m */,
			);
			path = controller;
			sourceTree = "<group>";
		};
		A63A19E71D06AAF400F35D11 /* FlagView点赞 */ = {
			isa = PBXGroup;
			children = (
				A63A19E81D06AB4600F35D11 /* FlagView.h */,
				A63A19E91D06AB4600F35D11 /* FlagView.m */,
				A63A19EA1D06AB4600F35D11 /* UIControlFlagView.h */,
				A63A19EB1D06AB4600F35D11 /* UIControlFlagView.m */,
			);
			path = "FlagView点赞";
			sourceTree = "<group>";
		};
		A63A19EE1D06AB4D00F35D11 /* FlagVIew(直接在xib上设置) */ = {
			isa = PBXGroup;
			children = (
				A63A19EF1D06AB7900F35D11 /* ZWUIControl.h */,
				A63A19F01D06AB7900F35D11 /* ZWUIControl.m */,
				A63A19F11D06AB7900F35D11 /* ZWViewControl.h */,
				A63A19F21D06AB7900F35D11 /* ZWViewControl.m */,
			);
			path = "FlagVIew(直接在xib上设置)";
			sourceTree = "<group>";
		};
		A6DEA7A91D03309D00FFDD2D /* ViewDemo */ = {
			isa = PBXGroup;
			children = (
				A6DEA7BA1D0333F900FFDD2D /* view */,
				A6DEA7B01D03325100FFDD2D /* controller */,
			);
			path = ViewDemo;
			sourceTree = "<group>";
		};
		A6DEA7B01D03325100FFDD2D /* controller */ = {
			isa = PBXGroup;
			children = (
				A6DEA7B31D03328600FFDD2D /* ZWViewListViewController.h */,
				A6DEA7B41D03328600FFDD2D /* ZWViewListViewController.m */,
				A6DEA7BE1D033D3700FFDD2D /* ZWDrawerViewController.h */,
				A6DEA7BF1D033D3700FFDD2D /* ZWDrawerViewController.m */,
				A6DEA7B11D03328600FFDD2D /* ZWViewDragViewController.h */,
				A6DEA7B21D03328600FFDD2D /* ZWViewDragViewController.m */,
				A6DEA7B71D03332500FFDD2D /* ZWProcessViewController.h */,
				A6DEA7B81D03332500FFDD2D /* ZWProcessViewController.m */,
				A6DEA7C11D0343D800FFDD2D /* ZWVIewStopViewController.h */,
				A6DEA7C21D0343D800FFDD2D /* ZWVIewStopViewController.m */,
				A6E4163A1D03BFCC00E575CE /* ZWPieViewController.h */,
				A6E4163B1D03BFCC00E575CE /* ZWPieViewController.m */,
				A6E416481D03EB3500E575CE /* ZWBarViewController.h */,
				A6E416491D03EB3500E575CE /* ZWBarViewController.m */,
				A63A19E41D06A9C500F35D11 /* ZWGroupIconViewController.h */,
				A63A19E51D06A9C500F35D11 /* ZWGroupIconViewController.m */,
				A63A19F51D06AB8F00F35D11 /* ZWFlagViewViewController.h */,
				A63A19F61D06AB8F00F35D11 /* ZWFlagViewViewController.m */,
			);
			path = controller;
			sourceTree = "<group>";
		};
		A6DEA7BA1D0333F900FFDD2D /* view */ = {
			isa = PBXGroup;
			children = (
				A63A19EE1D06AB4D00F35D11 /* FlagVIew(直接在xib上设置) */,
				A63A19E71D06AAF400F35D11 /* FlagView点赞 */,
				A63A19E11D06A9A900F35D11 /* ZWGroupIcon.h */,
				A63A19E21D06A9A900F35D11 /* ZWGroupIcon.m */,
				A6DEA7BB1D03341100FFDD2D /* ZWDragView.h */,
				A6DEA7BC1D03341100FFDD2D /* ZWDragView.m */,
				A6DEA7C41D03441200FFDD2D /* ZWDragStopView.h */,
				A6DEA7C51D03441200FFDD2D /* ZWDragStopView.m */,
				A6DEA7C71D03508700FFDD2D /* ZWProcessView.h */,
				A6DEA7C81D03508700FFDD2D /* ZWProcessView.m */,
				A6E4163D1D03BFDC00E575CE /* ZWPieView.h */,
				A6E4163E1D03BFDC00E575CE /* ZWPieView.m */,
				A6E416421D03CE5A00E575CE /* ZWBarView.h */,
				A6E416431D03CE5A00E575CE /* ZWBarView.m */,
			);
			path = view;
			sourceTree = "<group>";
		};
		A6E416401D03CAA800E575CE /* RAC */ = {
			isa = PBXGroup;
			children = (
				A6E416411D03CAC700E575CE /* controller */,
			);
			path = RAC;
			sourceTree = "<group>";
		};
		A6E416411D03CAC700E575CE /* controller */ = {
			isa = PBXGroup;
			children = (
			);
			path = controller;
			sourceTree = "<group>";
		};
		A6E86B431D07A99F00243EF6 /* Button */ = {
			isa = PBXGroup;
			children = (
				A6E86B4E1D07AA7A00243EF6 /* view */,
				A6E86B471D07AA2200243EF6 /* controller */,
			);
			path = Button;
			sourceTree = "<group>";
		};
		A6E86B471D07AA2200243EF6 /* controller */ = {
			isa = PBXGroup;
			children = (
				A6E86B481D07AA4000243EF6 /* ZWButtonListViewController.h */,
				A6E86B491D07AA4000243EF6 /* ZWButtonListViewController.m */,
				A6E86B4B1D07AA5E00243EF6 /* ZWBlockButtonViewController.h */,
				A6E86B4C1D07AA5E00243EF6 /* ZWBlockButtonViewController.m */,
			);
			path = controller;
			sourceTree = "<group>";
		};
		A6E86B4E1D07AA7A00243EF6 /* view */ = {
			isa = PBXGroup;
			children = (
				A6E86B4F1D07AAC300243EF6 /* ZWBlockButton.h */,
				A6E86B501D07AAC300243EF6 /* ZWBlockButton.m */,
			);
			path = view;
			sourceTree = "<group>";
		};
		A6E86B551D07B3CB00243EF6 /* 链式编程思想 */ = {
			isa = PBXGroup;
			children = (
				A6E86B571D07B3FA00243EF6 /* view */,
				A6E86B561D07B3E300243EF6 /* controller */,
			);
			path = "链式编程思想";
			sourceTree = "<group>";
		};
		A6E86B561D07B3E300243EF6 /* controller */ = {
			isa = PBXGroup;
			children = (
				A6E86B581D07B45000243EF6 /* ZWChainProgrammingViewController.h */,
				A6E86B591D07B45000243EF6 /* ZWChainProgrammingViewController.m */,
				A6E86B5B1D07B48C00243EF6 /* ZWCaculatorViewController.h */,
				A6E86B5C1D07B48C00243EF6 /* ZWCaculatorViewController.m */,
			);
			path = controller;
			sourceTree = "<group>";
		};
		A6E86B571D07B3FA00243EF6 /* view */ = {
			isa = PBXGroup;
			children = (
				A6E86B5E1D07B4EC00243EF6 /* ZWCaculatorMaker.h */,
				A6E86B5F1D07B4EC00243EF6 /* ZWCaculatorMaker.m */,
			);
			path = view;
			sourceTree = "<group>";
		};
		A6FF19751CFFD03900362809 = {
			isa = PBXGroup;
			children = (
				A6FF19801CFFD03900362809 /* Objective-C-Demo */,
				A6FF197F1CFFD03900362809 /* Products */,
			);
			sourceTree = "<group>";
		};
		A6FF197F1CFFD03900362809 /* Products */ = {
			isa = PBXGroup;
			children = (
				A6FF197E1CFFD03900362809 /* Objective-C-Demo.app */,
			);
			name = Products;
			sourceTree = "<group>";
		};
		A6FF19801CFFD03900362809 /* Objective-C-Demo */ = {
			isa = PBXGroup;
			children = (
				A6FF19B61CFFD2AC00362809 /* classes */,
				A6FF198D1CFFD03900362809 /* Assets.xcassets */,
				A6FF198F1CFFD03900362809 /* LaunchScreen.storyboard */,
				A6FF19921CFFD03900362809 /* Info.plist */,
				A6FF19811CFFD03900362809 /* Supporting Files */,
			);
			path = "Objective-C-Demo";
			sourceTree = "<group>";
		};
		A6FF19811CFFD03900362809 /* Supporting Files */ = {
			isa = PBXGroup;
			children = (
				A6FF19821CFFD03900362809 /* main.m */,
				A6FF19C91D00110200362809 /* ZWPrefixHeader.pch */,
			);
			name = "Supporting Files";
			sourceTree = "<group>";
		};
		A6FF19B61CFFD2AC00362809 /* classes */ = {
			isa = PBXGroup;
			children = (
				A6FF19CA1D00119100362809 /* Util */,
				A6FF19C81D0010D400362809 /* Category */,
				A6FF19C71D0010BF00362809 /* Vender */,
				A6FF19B71CFFD2E900362809 /* modules */,
			);
			path = classes;
			sourceTree = "<group>";
		};
		A6FF19B71CFFD2E900362809 /* modules */ = {
			isa = PBXGroup;
			children = (
				A6E86B551D07B3CB00243EF6 /* 链式编程思想 */,
				A6E86B431D07A99F00243EF6 /* Button */,
				A6E416401D03CAA800E575CE /* RAC */,
				A6DEA7A91D03309D00FFDD2D /* ViewDemo */,
				A60EBE171D00810000CEFDA1 /* AlertView */,
				A6FF19F91D00198300362809 /* 聊天界面 */,
				A6FF19F81D00196C00362809 /* 地图 */,
				A6FF19BA1CFFD47200362809 /* Base */,
				A6FF19B81CFFD31300362809 /* Main */,
			);
			path = modules;
			sourceTree = "<group>";
		};
		A6FF19B81CFFD31300362809 /* Main */ = {
			isa = PBXGroup;
			children = (
				A6FF19B91CFFD39D00362809 /* controller */,
				A6FF19841CFFD03900362809 /* AppDelegate.h */,
				A6FF19851CFFD03900362809 /* AppDelegate.m */,
			);
			path = Main;
			sourceTree = "<group>";
		};
		A6FF19B91CFFD39D00362809 /* controller */ = {
			isa = PBXGroup;
			children = (
				A6FF19C11CFFD7F000362809 /* ZWRootViewController.h */,
				A6FF19C21CFFD7F000362809 /* ZWRootViewController.m */,
			);
			path = controller;
			sourceTree = "<group>";
		};
		A6FF19BA1CFFD47200362809 /* Base */ = {
			isa = PBXGroup;
			children = (
				A6FF19BB1CFFD4ED00362809 /* ZWBaseViewController.h */,
				A6FF19BC1CFFD4ED00362809 /* ZWBaseViewController.m */,
				A6FF19BE1CFFD71000362809 /* ZWBaseNavigationController.h */,
				A6FF19BF1CFFD71000362809 /* ZWBaseNavigationController.m */,
				A6F5F7CB1D018E2900664D00 /* ZWBaseTableViewController.h */,
				A6F5F7CC1D018E2900664D00 /* ZWBaseTableViewController.m */,
			);
			path = Base;
			sourceTree = "<group>";
		};
		A6FF19C71D0010BF00362809 /* Vender */ = {
			isa = PBXGroup;
			children = (
				A6FF19D71D0016CC00362809 /* Masonry */,
			);
			path = Vender;
			sourceTree = "<group>";
		};
		A6FF19C81D0010D400362809 /* Category */ = {
			isa = PBXGroup;
			children = (
				A6FF19D41D0014C900362809 /* UIImage+Common.h */,
				A6FF19D51D0014C900362809 /* UIImage+Common.m */,
				A6FF19D11D00148300362809 /* UIColor+expanded.h */,
				A6FF19D21D00148300362809 /* UIColor+expanded.m */,
				A6FF19CE1D00120000362809 /* UINavigationController+ZWTurnPush.h */,
				A6FF19CF1D00120000362809 /* UINavigationController+ZWTurnPush.m */,
				A6E416451D03EAD000E575CE /* UIColor+Extented.h */,
				A6E416461D03EAD000E575CE /* UIColor+Extented.m */,
				A6E86B521D07B04E00243EF6 /* UIButton+Block.h */,
				A6E86B531D07B04E00243EF6 /* UIButton+Block.m */,
				A6E86B611D07B93100243EF6 /* NSObject+Caculator.h */,
				A6E86B621D07B93100243EF6 /* NSObject+Caculator.m */,
			);
			path = Category;
			sourceTree = "<group>";
		};
		A6FF19CA1D00119100362809 /* Util */ = {
			isa = PBXGroup;
			children = (
				A6FF19CB1D0011F500362809 /* ZWTurnControllerProducter.h */,
				A6FF19CC1D0011F500362809 /* ZWTurnControllerProducter.m */,
			);
			path = Util;
			sourceTree = "<group>";
		};
		A6FF19D71D0016CC00362809 /* Masonry */ = {
			isa = PBXGroup;
			children = (
				A6FF19D81D0016CC00362809 /* MASCompositeConstraint.h */,
				A6FF19D91D0016CC00362809 /* MASCompositeConstraint.m */,
				A6FF19DA1D0016CC00362809 /* MASConstraint+Private.h */,
				A6FF19DB1D0016CC00362809 /* MASConstraint.h */,
				A6FF19DC1D0016CC00362809 /* MASConstraint.m */,
				A6FF19DD1D0016CC00362809 /* MASConstraintMaker.h */,
				A6FF19DE1D0016CC00362809 /* MASConstraintMaker.m */,
				A6FF19DF1D0016CC00362809 /* MASLayoutConstraint.h */,
				A6FF19E01D0016CC00362809 /* MASLayoutConstraint.m */,
				A6FF19E11D0016CC00362809 /* Masonry.h */,
				A6FF19E21D0016CC00362809 /* MASUtilities.h */,
				A6FF19E31D0016CC00362809 /* MASViewAttribute.h */,
				A6FF19E41D0016CC00362809 /* MASViewAttribute.m */,
				A6FF19E51D0016CC00362809 /* MASViewConstraint.h */,
				A6FF19E61D0016CC00362809 /* MASViewConstraint.m */,
				A6FF19E71D0016CC00362809 /* NSArray+MASAdditions.h */,
				A6FF19E81D0016CC00362809 /* NSArray+MASAdditions.m */,
				A6FF19E91D0016CC00362809 /* NSArray+MASShorthandAdditions.h */,
				A6FF19EA1D0016CC00362809 /* NSLayoutConstraint+MASDebugAdditions.h */,
				A6FF19EB1D0016CC00362809 /* NSLayoutConstraint+MASDebugAdditions.m */,
				A6FF19EC1D0016CC00362809 /* View+MASAdditions.h */,
				A6FF19ED1D0016CC00362809 /* View+MASAdditions.m */,
				A6FF19EE1D0016CC00362809 /* View+MASShorthandAdditions.h */,
			);
			path = Masonry;
			sourceTree = "<group>";
		};
		A6FF19F81D00196C00362809 /* 地图 */ = {
			isa = PBXGroup;
			children = (
			);
			path = "地图";
			sourceTree = "<group>";
		};
		A6FF19F91D00198300362809 /* 聊天界面 */ = {
			isa = PBXGroup;
			children = (
			);
			path = "聊天界面";
			sourceTree = "<group>";
		};
/* End PBXGroup section */

/* Begin PBXNativeTarget section */
		A6FF197D1CFFD03900362809 /* Objective-C-Demo */ = {
			isa = PBXNativeTarget;
			buildConfigurationList = A6FF19951CFFD03900362809 /* Build configuration list for PBXNativeTarget "Objective-C-Demo" */;
			buildPhases = (
				A6FF197A1CFFD03900362809 /* Sources */,
				A6FF197B1CFFD03900362809 /* Frameworks */,
				A6FF197C1CFFD03900362809 /* Resources */,
			);
			buildRules = (
			);
			dependencies = (
			);
			name = "Objective-C-Demo";
			productName = "Objective-C-Demo";
			productReference = A6FF197E1CFFD03900362809 /* Objective-C-Demo.app */;
			productType = "com.apple.product-type.application";
		};
/* End PBXNativeTarget section */

/* Begin PBXProject section */
		A6FF19761CFFD03900362809 /* Project object */ = {
			isa = PBXProject;
			attributes = {
				LastUpgradeCheck = 0730;
				ORGANIZATIONNAME = rayootech;
				TargetAttributes = {
					A6FF197D1CFFD03900362809 = {
						CreatedOnToolsVersion = 7.3;
					};
				};
			};
			buildConfigurationList = A6FF19791CFFD03900362809 /* Build configuration list for PBXProject "Objective-C-Demo" */;
			compatibilityVersion = "Xcode 3.2";
			developmentRegion = English;
			hasScannedForEncodings = 0;
			knownRegions = (
				en,
				Base,
			);
			mainGroup = A6FF19751CFFD03900362809;
			productRefGroup = A6FF197F1CFFD03900362809 /* Products */;
			projectDirPath = "";
			projectRoot = "";
			targets = (
				A6FF197D1CFFD03900362809 /* Objective-C-Demo */,
			);
		};
/* End PBXProject section */

/* Begin PBXResourcesBuildPhase section */
		A6FF197C1CFFD03900362809 /* Resources */ = {
			isa = PBXResourcesBuildPhase;
			buildActionMask = 2147483647;
			files = (
				A6FF19911CFFD03900362809 /* LaunchScreen.storyboard in Resources */,
				A6FF198E1CFFD03900362809 /* Assets.xcassets in Resources */,
			);
			runOnlyForDeploymentPostprocessing = 0;
		};
/* End PBXResourcesBuildPhase section */

/* Begin PBXSourcesBuildPhase section */
		A6FF197A1CFFD03900362809 /* Sources */ = {
			isa = PBXSourcesBuildPhase;
			buildActionMask = 2147483647;
			files = (
				A6E86B631D07B93100243EF6 /* NSObject+Caculator.m in Sources */,
				A6FF19F41D0016CC00362809 /* MASViewConstraint.m in Sources */,
				A6E86B4D1D07AA5E00243EF6 /* ZWBlockButtonViewController.m in Sources */,
				A6DEA7C01D033D3700FFDD2D /* ZWDrawerViewController.m in Sources */,
				A63A19F41D06AB7900F35D11 /* ZWViewControl.m in Sources */,
				A63A19EC1D06AB4600F35D11 /* FlagView.m in Sources */,
				A6E416441D03CE5A00E575CE /* ZWBarView.m in Sources */,
				A6F5F7CD1D018E2900664D00 /* ZWBaseTableViewController.m in Sources */,
				A6FF19D01D00120000362809 /* UINavigationController+ZWTurnPush.m in Sources */,
				A6FF19F31D0016CC00362809 /* MASViewAttribute.m in Sources */,
				A6E416471D03EAD000E575CE /* UIColor+Extented.m in Sources */,
				A6E4164A1D03EB3500E575CE /* ZWBarViewController.m in Sources */,
				A6E86B511D07AAC300243EF6 /* ZWBlockButton.m in Sources */,
				A6F5F7C71D018C7300664D00 /* ZWAlertUserViewController.m in Sources */,
				A63A19F31D06AB7900F35D11 /* ZWUIControl.m in Sources */,
				A6E86B4A1D07AA4000243EF6 /* ZWButtonListViewController.m in Sources */,
				A6DEA7BD1D03341100FFDD2D /* ZWDragView.m in Sources */,
				A6FF19CD1D0011F500362809 /* ZWTurnControllerProducter.m in Sources */,
				A6DEA7C61D03441200FFDD2D /* ZWDragStopView.m in Sources */,
				A6DEA7B91D03332500FFDD2D /* ZWProcessViewController.m in Sources */,
				A6E4163F1D03BFDC00E575CE /* ZWPieView.m in Sources */,
				A6DEA7B51D03328600FFDD2D /* ZWViewDragViewController.m in Sources */,
				A63A19F71D06AB8F00F35D11 /* ZWFlagViewViewController.m in Sources */,
				A6FF19861CFFD03900362809 /* AppDelegate.m in Sources */,
				A6FF19C31CFFD7F000362809 /* ZWRootViewController.m in Sources */,
				A60EBE1C1D00819200CEFDA1 /* ZWAlertView.m in Sources */,
				A63A19E61D06A9C500F35D11 /* ZWGroupIconViewController.m in Sources */,
				A6FF19EF1D0016CC00362809 /* MASCompositeConstraint.m in Sources */,
				A6E86B541D07B04E00243EF6 /* UIButton+Block.m in Sources */,
				A6FF19F11D0016CC00362809 /* MASConstraintMaker.m in Sources */,
				A6FF19F71D0016CC00362809 /* View+MASAdditions.m in Sources */,
				A60EBE1F1D0081AE00CEFDA1 /* ZWAlertViewController.m in Sources */,
				A6F5F7CA1D018CBA00664D00 /* ZWUserAlertView.m in Sources */,
				A6FF19F21D0016CC00362809 /* MASLayoutConstraint.m in Sources */,
				A6FF19F01D0016CC00362809 /* MASConstraint.m in Sources */,
				A6E86B5A1D07B45000243EF6 /* ZWChainProgrammingViewController.m in Sources */,
				A63A19ED1D06AB4600F35D11 /* UIControlFlagView.m in Sources */,
				A6DEA7C91D03508700FFDD2D /* ZWProcessView.m in Sources */,
				A6FF19831CFFD03900362809 /* main.m in Sources */,
				A6FF19BD1CFFD4ED00362809 /* ZWBaseViewController.m in Sources */,
				A6E86B601D07B4EC00243EF6 /* ZWCaculatorMaker.m in Sources */,
				A6FF19F51D0016CC00362809 /* NSArray+MASAdditions.m in Sources */,
				A6DEA7B61D03328600FFDD2D /* ZWViewListViewController.m in Sources */,
				A6FF19F61D0016CC00362809 /* NSLayoutConstraint+MASDebugAdditions.m in Sources */,
				A63A19E31D06A9A900F35D11 /* ZWGroupIcon.m in Sources */,
				A6E4163C1D03BFCC00E575CE /* ZWPieViewController.m in Sources */,
				A6FF19D31D00148300362809 /* UIColor+expanded.m in Sources */,
				A6FF19D61D0014C900362809 /* UIImage+Common.m in Sources */,
				A6E86B5D1D07B48C00243EF6 /* ZWCaculatorViewController.m in Sources */,
				A6F5F7C41D018BCA00664D00 /* ZWAlertBlockViewController.m in Sources */,
				A6DEA7C31D0343D800FFDD2D /* ZWVIewStopViewController.m in Sources */,
				A6FF19C01CFFD71000362809 /* ZWBaseNavigationController.m in Sources */,
			);
			runOnlyForDeploymentPostprocessing = 0;
		};
/* End PBXSourcesBuildPhase section */

/* Begin PBXVariantGroup section */
		A6FF198F1CFFD03900362809 /* LaunchScreen.storyboard */ = {
			isa = PBXVariantGroup;
			children = (
				A6FF19901CFFD03900362809 /* Base */,
			);
			name = LaunchScreen.storyboard;
			sourceTree = "<group>";
		};
/* End PBXVariantGroup section */

/* Begin XCBuildConfiguration section */
		A6FF19931CFFD03900362809 /* Debug */ = {
			isa = XCBuildConfiguration;
			buildSettings = {
				ALWAYS_SEARCH_USER_PATHS = NO;
				CLANG_ANALYZER_NONNULL = YES;
				CLANG_CXX_LANGUAGE_STANDARD = "gnu++0x";
				CLANG_CXX_LIBRARY = "libc++";
				CLANG_ENABLE_MODULES = YES;
				CLANG_ENABLE_OBJC_ARC = YES;
				CLANG_WARN_BOOL_CONVERSION = YES;
				CLANG_WARN_CONSTANT_CONVERSION = YES;
				CLANG_WARN_DIRECT_OBJC_ISA_USAGE = YES_ERROR;
				CLANG_WARN_EMPTY_BODY = YES;
				CLANG_WARN_ENUM_CONVERSION = YES;
				CLANG_WARN_INT_CONVERSION = YES;
				CLANG_WARN_OBJC_ROOT_CLASS = YES_ERROR;
				CLANG_WARN_UNREACHABLE_CODE = YES;
				CLANG_WARN__DUPLICATE_METHOD_MATCH = YES;
				"CODE_SIGN_IDENTITY[sdk=iphoneos*]" = "iPhone Developer";
				COPY_PHASE_STRIP = NO;
				DEBUG_INFORMATION_FORMAT = dwarf;
				ENABLE_STRICT_OBJC_MSGSEND = YES;
				ENABLE_TESTABILITY = YES;
				GCC_C_LANGUAGE_STANDARD = gnu99;
				GCC_DYNAMIC_NO_PIC = NO;
				GCC_NO_COMMON_BLOCKS = YES;
				GCC_OPTIMIZATION_LEVEL = 0;
				GCC_PREPROCESSOR_DEFINITIONS = (
					"DEBUG=1",
					"$(inherited)",
				);
				GCC_WARN_64_TO_32_BIT_CONVERSION = YES;
				GCC_WARN_ABOUT_RETURN_TYPE = YES_ERROR;
				GCC_WARN_UNDECLARED_SELECTOR = YES;
				GCC_WARN_UNINITIALIZED_AUTOS = YES_AGGRESSIVE;
				GCC_WARN_UNUSED_FUNCTION = YES;
				GCC_WARN_UNUSED_VARIABLE = YES;
				IPHONEOS_DEPLOYMENT_TARGET = 9.3;
				MTL_ENABLE_DEBUG_INFO = YES;
				ONLY_ACTIVE_ARCH = YES;
				SDKROOT = iphoneos;
			};
			name = Debug;
		};
		A6FF19941CFFD03900362809 /* Release */ = {
			isa = XCBuildConfiguration;
			buildSettings = {
				ALWAYS_SEARCH_USER_PATHS = NO;
				CLANG_ANALYZER_NONNULL = YES;
				CLANG_CXX_LANGUAGE_STANDARD = "gnu++0x";
				CLANG_CXX_LIBRARY = "libc++";
				CLANG_ENABLE_MODULES = YES;
				CLANG_ENABLE_OBJC_ARC = YES;
				CLANG_WARN_BOOL_CONVERSION = YES;
				CLANG_WARN_CONSTANT_CONVERSION = YES;
				CLANG_WARN_DIRECT_OBJC_ISA_USAGE = YES_ERROR;
				CLANG_WARN_EMPTY_BODY = YES;
				CLANG_WARN_ENUM_CONVERSION = YES;
				CLANG_WARN_INT_CONVERSION = YES;
				CLANG_WARN_OBJC_ROOT_CLASS = YES_ERROR;
				CLANG_WARN_UNREACHABLE_CODE = YES;
				CLANG_WARN__DUPLICATE_METHOD_MATCH = YES;
				"CODE_SIGN_IDENTITY[sdk=iphoneos*]" = "iPhone Developer";
				COPY_PHASE_STRIP = NO;
				DEBUG_INFORMATION_FORMAT = "dwarf-with-dsym";
				ENABLE_NS_ASSERTIONS = NO;
				ENABLE_STRICT_OBJC_MSGSEND = YES;
				GCC_C_LANGUAGE_STANDARD = gnu99;
				GCC_NO_COMMON_BLOCKS = YES;
				GCC_WARN_64_TO_32_BIT_CONVERSION = YES;
				GCC_WARN_ABOUT_RETURN_TYPE = YES_ERROR;
				GCC_WARN_UNDECLARED_SELECTOR = YES;
				GCC_WARN_UNINITIALIZED_AUTOS = YES_AGGRESSIVE;
				GCC_WARN_UNUSED_FUNCTION = YES;
				GCC_WARN_UNUSED_VARIABLE = YES;
				IPHONEOS_DEPLOYMENT_TARGET = 9.3;
				MTL_ENABLE_DEBUG_INFO = NO;
				SDKROOT = iphoneos;
				VALIDATE_PRODUCT = YES;
			};
			name = Release;
		};
		A6FF19961CFFD03900362809 /* Debug */ = {
			isa = XCBuildConfiguration;
			buildSettings = {
				ASSETCATALOG_COMPILER_APPICON_NAME = AppIcon;
				GCC_PREFIX_HEADER = "Objective-C-Demo/ZWPrefixHeader.pch";
				INFOPLIST_FILE = "Objective-C-Demo/Info.plist";
				LD_RUNPATH_SEARCH_PATHS = "$(inherited) @executable_path/Frameworks";
				PRODUCT_BUNDLE_IDENTIFIER = "zyyt.Objective-C-Demo";
				PRODUCT_NAME = "$(TARGET_NAME)";
			};
			name = Debug;
		};
		A6FF19971CFFD03900362809 /* Release */ = {
			isa = XCBuildConfiguration;
			buildSettings = {
				ASSETCATALOG_COMPILER_APPICON_NAME = AppIcon;
				GCC_PREFIX_HEADER = "Objective-C-Demo/ZWPrefixHeader.pch";
				INFOPLIST_FILE = "Objective-C-Demo/Info.plist";
				LD_RUNPATH_SEARCH_PATHS = "$(inherited) @executable_path/Frameworks";
				PRODUCT_BUNDLE_IDENTIFIER = "zyyt.Objective-C-Demo";
				PRODUCT_NAME = "$(TARGET_NAME)";
			};
			name = Release;
		};
/* End XCBuildConfiguration section */

/* Begin XCConfigurationList section */
		A6FF19791CFFD03900362809 /* Build configuration list for PBXProject "Objective-C-Demo" */ = {
			isa = XCConfigurationList;
			buildConfigurations = (
				A6FF19931CFFD03900362809 /* Debug */,
				A6FF19941CFFD03900362809 /* Release */,
			);
			defaultConfigurationIsVisible = 0;
			defaultConfigurationName = Release;
		};
		A6FF19951CFFD03900362809 /* Build configuration list for PBXNativeTarget "Objective-C-Demo" */ = {
			isa = XCConfigurationList;
			buildConfigurations = (
				A6FF19961CFFD03900362809 /* Debug */,
				A6FF19971CFFD03900362809 /* Release */,
			);
			defaultConfigurationIsVisible = 0;
			defaultConfigurationName = Release;
		};
/* End XCConfigurationList section */
	};
	rootObject = A6FF19761CFFD03900362809 /* Project object */;
}
