// !$*UTF8*$!
{
	archiveVersion = 1;
	classes = {
	};
	objectVersion = 46;
	objects = {

/* Begin PBXBuildFile section */
		A6FF19831CFFD03900362809 /* main.m in Sources */ = {isa = PBXBuildFile; fileRef = A6FF19821CFFD03900362809 /* main.m */; };
		A6FF19861CFFD03900362809 /* AppDelegate.m in Sources */ = {isa = PBXBuildFile; fileRef = A6FF19851CFFD03900362809 /* AppDelegate.m */; };
		A6FF19891CFFD03900362809 /* ViewController.m in Sources */ = {isa = PBXBuildFile; fileRef = A6FF19881CFFD03900362809 /* ViewController.m */; };
		A6FF198C1CFFD03900362809 /* Main.storyboard in Resources */ = {isa = PBXBuildFile; fileRef = A6FF198A1CFFD03900362809 /* Main.storyboard */; };
		A6FF198E1CFFD03900362809 /* Assets.xcassets in Resources */ = {isa = PBXBuildFile; fileRef = A6FF198D1CFFD03900362809 /* Assets.xcassets */; };
		A6FF19911CFFD03900362809 /* LaunchScreen.storyboard in Resources */ = {isa = PBXBuildFile; fileRef = A6FF198F1CFFD03900362809 /* LaunchScreen.storyboard */; };
/* End PBXBuildFile section */

/* Begin PBXFileReference section */
		A6FF197E1CFFD03900362809 /* Objective-C-Demo.app */ = {isa = PBXFileReference; explicitFileType = wrapper.application; includeInIndex = 0; path = "Objective-C-Demo.app"; sourceTree = BUILT_PRODUCTS_DIR; };
		A6FF19821CFFD03900362809 /* main.m */ = {isa = PBXFileReference; lastKnownFileType = sourcecode.c.objc; path = main.m; sourceTree = "<group>"; };
		A6FF19841CFFD03900362809 /* AppDelegate.h */ = {isa = PBXFileReference; lastKnownFileType = sourcecode.c.h; path = AppDelegate.h; sourceTree = "<group>"; };
		A6FF19851CFFD03900362809 /* AppDelegate.m */ = {isa = PBXFileReference; lastKnownFileType = sourcecode.c.objc; path = AppDelegate.m; sourceTree = "<group>"; };
		A6FF19871CFFD03900362809 /* ViewController.h */ = {isa = PBXFileReference; lastKnownFileType = sourcecode.c.h; path = ViewController.h; sourceTree = "<group>"; };
		A6FF19881CFFD03900362809 /* ViewController.m */ = {isa = PBXFileReference; lastKnownFileType = sourcecode.c.objc; path = ViewController.m; sourceTree = "<group>"; };
		A6FF198B1CFFD03900362809 /* Base */ = {isa = PBXFileReference; lastKnownFileType = file.storyboard; name = Base; path = Base.lproj/Main.storyboard; sourceTree = "<group>"; };
		A6FF198D1CFFD03900362809 /* Assets.xcassets */ = {isa = PBXFileReference; lastKnownFileType = folder.assetcatalog; path = Assets.xcassets; sourceTree = "<group>"; };
		A6FF19901CFFD03900362809 /* Base */ = {isa = PBXFileReference; lastKnownFileType = file.storyboard; name = Base; path = Base.lproj/LaunchScreen.storyboard; sourceTree = "<group>"; };
		A6FF19921CFFD03900362809 /* Info.plist */ = {isa = PBXFileReference; lastKnownFileType = text.plist.xml; path = Info.plist; sourceTree = "<group>"; };
/* End PBXFileReference section */

/* Begin PBXFrameworksBuildPhase section */
		A6FF197B1CFFD03900362809 /* Frameworks */ = {
			isa = PBXFrameworksBuildPhase;
			buildActionMask = 2147483647;
			files = (
			);
			runOnlyForDeploymentPostprocessing = 0;
		};
/* End PBXFrameworksBuildPhase section */

/* Begin PBXGroup section */
		A6FF19751CFFD03900362809 = {
			isa = PBXGroup;
			children = (
				A6FF19801CFFD03900362809 /* Objective-C-Demo */,
				A6FF197F1CFFD03900362809 /* Products */,
			);
			sourceTree = "<group>";
		};
		A6FF197F1CFFD03900362809 /* Products */ = {
			isa = PBXGroup;
			children = (
				A6FF197E1CFFD03900362809 /* Objective-C-Demo.app */,
			);
			name = Products;
			sourceTree = "<group>";
		};
		A6FF19801CFFD03900362809 /* Objective-C-Demo */ = {
			isa = PBXGroup;
			children = (
				A6FF19841CFFD03900362809 /* AppDelegate.h */,
				A6FF19851CFFD03900362809 /* AppDelegate.m */,
				A6FF19871CFFD03900362809 /* ViewController.h */,
				A6FF19881CFFD03900362809 /* ViewController.m */,
				A6FF198A1CFFD03900362809 /* Main.storyboard */,
				A6FF198D1CFFD03900362809 /* Assets.xcassets */,
				A6FF198F1CFFD03900362809 /* LaunchScreen.storyboard */,
				A6FF19921CFFD03900362809 /* Info.plist */,
				A6FF19811CFFD03900362809 /* Supporting Files */,
			);
			path = "Objective-C-Demo";
			sourceTree = "<group>";
		};
		A6FF19811CFFD03900362809 /* Supporting Files */ = {
			isa = PBXGroup;
			children = (
				A6FF19821CFFD03900362809 /* main.m */,
			);
			name = "Supporting Files";
			sourceTree = "<group>";
		};
/* End PBXGroup section */

/* Begin PBXNativeTarget section */
		A6FF197D1CFFD03900362809 /* Objective-C-Demo */ = {
			isa = PBXNativeTarget;
			buildConfigurationList = A6FF19951CFFD03900362809 /* Build configuration list for PBXNativeTarget "Objective-C-Demo" */;
			buildPhases = (
				A6FF197A1CFFD03900362809 /* Sources */,
				A6FF197B1CFFD03900362809 /* Frameworks */,
				A6FF197C1CFFD03900362809 /* Resources */,
			);
			buildRules = (
			);
			dependencies = (
			);
			name = "Objective-C-Demo";
			productName = "Objective-C-Demo";
			productReference = A6FF197E1CFFD03900362809 /* Objective-C-Demo.app */;
			productType = "com.apple.product-type.application";
		};
/* End PBXNativeTarget section */

/* Begin PBXProject section */
		A6FF19761CFFD03900362809 /* Project object */ = {
			isa = PBXProject;
			attributes = {
				LastUpgradeCheck = 0730;
				ORGANIZATIONNAME = rayootech;
				TargetAttributes = {
					A6FF197D1CFFD03900362809 = {
						CreatedOnToolsVersion = 7.3;
					};
				};
			};
			buildConfigurationList = A6FF19791CFFD03900362809 /* Build configuration list for PBXProject "Objective-C-Demo" */;
			compatibilityVersion = "Xcode 3.2";
			developmentRegion = English;
			hasScannedForEncodings = 0;
			knownRegions = (
				en,
				Base,
			);
			mainGroup = A6FF19751CFFD03900362809;
			productRefGroup = A6FF197F1CFFD03900362809 /* Products */;
			projectDirPath = "";
			projectRoot = "";
			targets = (
				A6FF197D1CFFD03900362809 /* Objective-C-Demo */,
			);
		};
/* End PBXProject section */

/* Begin PBXResourcesBuildPhase section */
		A6FF197C1CFFD03900362809 /* Resources */ = {
			isa = PBXResourcesBuildPhase;
			buildActionMask = 2147483647;
			files = (
				A6FF19911CFFD03900362809 /* LaunchScreen.storyboard in Resources */,
				A6FF198E1CFFD03900362809 /* Assets.xcassets in Resources */,
				A6FF198C1CFFD03900362809 /* Main.storyboard in Resources */,
			);
			runOnlyForDeploymentPostprocessing = 0;
		};
/* End PBXResourcesBuildPhase section */

/* Begin PBXSourcesBuildPhase section */
		A6FF197A1CFFD03900362809 /* Sources */ = {
			isa = PBXSourcesBuildPhase;
			buildActionMask = 2147483647;
			files = (
				A6FF19891CFFD03900362809 /* ViewController.m in Sources */,
				A6FF19861CFFD03900362809 /* AppDelegate.m in Sources */,
				A6FF19831CFFD03900362809 /* main.m in Sources */,
			);
			runOnlyForDeploymentPostprocessing = 0;
		};
/* End PBXSourcesBuildPhase section */

/* Begin PBXVariantGroup section */
		A6FF198A1CFFD03900362809 /* Main.storyboard */ = {
			isa = PBXVariantGroup;
			children = (
				A6FF198B1CFFD03900362809 /* Base */,
			);
			name = Main.storyboard;
			sourceTree = "<group>";
		};
		A6FF198F1CFFD03900362809 /* LaunchScreen.storyboard */ = {
			isa = PBXVariantGroup;
			children = (
				A6FF19901CFFD03900362809 /* Base */,
			);
			name = LaunchScreen.storyboard;
			sourceTree = "<group>";
		};
/* End PBXVariantGroup section */

/* Begin XCBuildConfiguration section */
		A6FF19931CFFD03900362809 /* Debug */ = {
			isa = XCBuildConfiguration;
			buildSettings = {
				ALWAYS_SEARCH_USER_PATHS = NO;
				CLANG_ANALYZER_NONNULL = YES;
				CLANG_CXX_LANGUAGE_STANDARD = "gnu++0x";
				CLANG_CXX_LIBRARY = "libc++";
				CLANG_ENABLE_MODULES = YES;
				CLANG_ENABLE_OBJC_ARC = YES;
				CLANG_WARN_BOOL_CONVERSION = YES;
				CLANG_WARN_CONSTANT_CONVERSION = YES;
				CLANG_WARN_DIRECT_OBJC_ISA_USAGE = YES_ERROR;
				CLANG_WARN_EMPTY_BODY = YES;
				CLANG_WARN_ENUM_CONVERSION = YES;
				CLANG_WARN_INT_CONVERSION = YES;
				CLANG_WARN_OBJC_ROOT_CLASS = YES_ERROR;
				CLANG_WARN_UNREACHABLE_CODE = YES;
				CLANG_WARN__DUPLICATE_METHOD_MATCH = YES;
				"CODE_SIGN_IDENTITY[sdk=iphoneos*]" = "iPhone Developer";
				COPY_PHASE_STRIP = NO;
				DEBUG_INFORMATION_FORMAT = dwarf;
				ENABLE_STRICT_OBJC_MSGSEND = YES;
				ENABLE_TESTABILITY = YES;
				GCC_C_LANGUAGE_STANDARD = gnu99;
				GCC_DYNAMIC_NO_PIC = NO;
				GCC_NO_COMMON_BLOCKS = YES;
				GCC_OPTIMIZATION_LEVEL = 0;
				GCC_PREPROCESSOR_DEFINITIONS = (
					"DEBUG=1",
					"$(inherited)",
				);
				GCC_WARN_64_TO_32_BIT_CONVERSION = YES;
				GCC_WARN_ABOUT_RETURN_TYPE = YES_ERROR;
				GCC_WARN_UNDECLARED_SELECTOR = YES;
				GCC_WARN_UNINITIALIZED_AUTOS = YES_AGGRESSIVE;
				GCC_WARN_UNUSED_FUNCTION = YES;
				GCC_WARN_UNUSED_VARIABLE = YES;
				IPHONEOS_DEPLOYMENT_TARGET = 9.3;
				MTL_ENABLE_DEBUG_INFO = YES;
				ONLY_ACTIVE_ARCH = YES;
				SDKROOT = iphoneos;
			};
			name = Debug;
		};
		A6FF19941CFFD03900362809 /* Release */ = {
			isa = XCBuildConfiguration;
			buildSettings = {
				ALWAYS_SEARCH_USER_PATHS = NO;
				CLANG_ANALYZER_NONNULL = YES;
				CLANG_CXX_LANGUAGE_STANDARD = "gnu++0x";
				CLANG_CXX_LIBRARY = "libc++";
				CLANG_ENABLE_MODULES = YES;
				CLANG_ENABLE_OBJC_ARC = YES;
				CLANG_WARN_BOOL_CONVERSION = YES;
				CLANG_WARN_CONSTANT_CONVERSION = YES;
				CLANG_WARN_DIRECT_OBJC_ISA_USAGE = YES_ERROR;
				CLANG_WARN_EMPTY_BODY = YES;
				CLANG_WARN_ENUM_CONVERSION = YES;
				CLANG_WARN_INT_CONVERSION = YES;
				CLANG_WARN_OBJC_ROOT_CLASS = YES_ERROR;
				CLANG_WARN_UNREACHABLE_CODE = YES;
				CLANG_WARN__DUPLICATE_METHOD_MATCH = YES;
				"CODE_SIGN_IDENTITY[sdk=iphoneos*]" = "iPhone Developer";
				COPY_PHASE_STRIP = NO;
				DEBUG_INFORMATION_FORMAT = "dwarf-with-dsym";
				ENABLE_NS_ASSERTIONS = NO;
				ENABLE_STRICT_OBJC_MSGSEND = YES;
				GCC_C_LANGUAGE_STANDARD = gnu99;
				GCC_NO_COMMON_BLOCKS = YES;
				GCC_WARN_64_TO_32_BIT_CONVERSION = YES;
				GCC_WARN_ABOUT_RETURN_TYPE = YES_ERROR;
				GCC_WARN_UNDECLARED_SELECTOR = YES;
				GCC_WARN_UNINITIALIZED_AUTOS = YES_AGGRESSIVE;
				GCC_WARN_UNUSED_FUNCTION = YES;
				GCC_WARN_UNUSED_VARIABLE = YES;
				IPHONEOS_DEPLOYMENT_TARGET = 9.3;
				MTL_ENABLE_DEBUG_INFO = NO;
				SDKROOT = iphoneos;
				VALIDATE_PRODUCT = YES;
			};
			name = Release;
		};
		A6FF19961CFFD03900362809 /* Debug */ = {
			isa = XCBuildConfiguration;
			buildSettings = {
				ASSETCATALOG_COMPILER_APPICON_NAME = AppIcon;
				INFOPLIST_FILE = "Objective-C-Demo/Info.plist";
				LD_RUNPATH_SEARCH_PATHS = "$(inherited) @executable_path/Frameworks";
				PRODUCT_BUNDLE_IDENTIFIER = "zyyt.Objective-C-Demo";
				PRODUCT_NAME = "$(TARGET_NAME)";
			};
			name = Debug;
		};
		A6FF19971CFFD03900362809 /* Release */ = {
			isa = XCBuildConfiguration;
			buildSettings = {
				ASSETCATALOG_COMPILER_APPICON_NAME = AppIcon;
				INFOPLIST_FILE = "Objective-C-Demo/Info.plist";
				LD_RUNPATH_SEARCH_PATHS = "$(inherited) @executable_path/Frameworks";
				PRODUCT_BUNDLE_IDENTIFIER = "zyyt.Objective-C-Demo";
				PRODUCT_NAME = "$(TARGET_NAME)";
			};
			name = Release;
		};
/* End XCBuildConfiguration section */

/* Begin XCConfigurationList section */
		A6FF19791CFFD03900362809 /* Build configuration list for PBXProject "Objective-C-Demo" */ = {
			isa = XCConfigurationList;
			buildConfigurations = (
				A6FF19931CFFD03900362809 /* Debug */,
				A6FF19941CFFD03900362809 /* Release */,
			);
			defaultConfigurationIsVisible = 0;
			defaultConfigurationName = Release;
		};
		A6FF19951CFFD03900362809 /* Build configuration list for PBXNativeTarget "Objective-C-Demo" */ = {
			isa = XCConfigurationList;
			buildConfigurations = (
				A6FF19961CFFD03900362809 /* Debug */,
				A6FF19971CFFD03900362809 /* Release */,
			);
			defaultConfigurationIsVisible = 0;
		};
/* End XCConfigurationList section */
	};
	rootObject = A6FF19761CFFD03900362809 /* Project object */;
}
